
Microsoft Visual Studio Solution File, Format Version 12.00
# Visual Studio Version 16
VisualStudioVersion = 16.0.29025.244
MinimumVisualStudioVersion = 10.0.40219.1
Project("{2150E333-8FDC-42A3-9474-1A3956D46DE8}") = "Modules", "Modules", "{75D46C77-3E49-4C9F-BB15-BE1FB837BDA4}"
EndProject
Project("{FAE04EC0-301F-11D3-BF4B-00C04F79EFBC}") = "VecompSoftware.JeepService.DSWMessages", "Modules\VecompSoftware.JeepService.DSWMessages\VecompSoftware.JeepService.DSWMessages.csproj", "{057D63B9-6F35-4020-A958-2D4402774D52}"
EndProject
Project("{FAE04EC0-301F-11D3-BF4B-00C04F79EFBC}") = "VecompSoftware.JeepService.DSWProtocolJournal", "Modules\VecompSoftware.JeepService.DSWProtocolJournal\VecompSoftware.JeepService.DSWProtocolJournal.csproj", "{9D6BA345-FF7F-408A-996D-39CB77F2D5B8}"
EndProject
Project("{FAE04EC0-301F-11D3-BF4B-00C04F79EFBC}") = "VecompSoftware.JeepService.PosteWeb", "Modules\VecompSoftware.JeepService.PosteWeb\VecompSoftware.JeepService.PosteWeb.csproj", "{ADD1FE38-6496-411A-9A6B-7CB0B7E69DBA}"
EndProject
Project("{FAE04EC0-301F-11D3-BF4B-00C04F79EFBC}") = "VecompSoftware.JeepService.CollegioSindacaleTorino", "Modules\VecompSoftware.JeepService.CollegioSindacaleTorino\VecompSoftware.JeepService.CollegioSindacaleTorino.csproj", "{422089A2-BB30-4AA6-BC51-7AB0CC45AC86}"
EndProject
Project("{2150E333-8FDC-42A3-9474-1A3956D46DE8}") = "Dashboard", "Dashboard", "{2AD857F0-D7BA-4F96-9A93-1E26811910E7}"
EndProject
Project("{2150E333-8FDC-42A3-9474-1A3956D46DE8}") = "Service", "Service", "{76E6321A-C51E-41EC-9ACD-BC3F7F44E650}"
EndProject
Project("{2150E333-8FDC-42A3-9474-1A3956D46DE8}") = "Tools", "Tools", "{97B9AFE9-DB45-4005-AAC3-B335228EDFF4}"
EndProject
Project("{FAE04EC0-301F-11D3-BF4B-00C04F79EFBC}") = "VecompSoftware.JeepService.Pec", "Modules\VecompSoftware.JeepService.Pec\VecompSoftware.JeepService.Pec.csproj", "{FFC48339-10F9-451D-91C0-49F1A0C2165E}"
EndProject
Project("{FAE04EC0-301F-11D3-BF4B-00C04F79EFBC}") = "VecompSoftware.GenericMailSender", "Tools\VecompSoftware.GenericMailSender\VecompSoftware.GenericMailSender.csproj", "{9DF4BCDB-51B2-4B08-B881-390A49924009}"
EndProject
Project("{FAE04EC0-301F-11D3-BF4B-00C04F79EFBC}") = "VecompSoftware.JeepService.CleanFolders", "Modules\VecompSoftware.JeepService.CleanFolders\VecompSoftware.JeepService.CleanFolders.csproj", "{DC41A9B9-D726-41DF-9035-6FD587D95EB9}"
EndProject
Project("{FAE04EC0-301F-11D3-BF4B-00C04F79EFBC}") = "VecompSoftware.MailManager", "Tools\VecompSoftware.MailManager\VecompSoftware.MailManager.csproj", "{5A3D8614-0A8F-49C0-AA95-3CA313C68E40}"
EndProject
Project("{FAE04EC0-301F-11D3-BF4B-00C04F79EFBC}") = "VecompSoftware.JeepService.SignEngine", "Tools\VecompSoftware.JeepService.SignEngineFacade\VecompSoftware.JeepService.SignEngine.csproj", "{688348B8-C0F3-410E-B28A-5EE3EA07B812}"
EndProject
Project("{FAE04EC0-301F-11D3-BF4B-00C04F79EFBC}") = "VecompSoftware.JeepService.Common", "Tools\VecompSoftware.JeepService.Common\VecompSoftware.JeepService.Common.csproj", "{49902C42-C5DB-4988-B66B-D9F2A668697F}"
EndProject
Project("{FAE04EC0-301F-11D3-BF4B-00C04F79EFBC}") = "VecompSoftware.JeepService", "Service\JeepService\VecompSoftware.JeepService.csproj", "{711F6690-BC2B-491F-9392-D73CB09ABB9F}"
	ProjectSection(ProjectDependencies) = postProject
		{ADD1FE38-6496-411A-9A6B-7CB0B7E69DBA} = {ADD1FE38-6496-411A-9A6B-7CB0B7E69DBA}
		{FFC48339-10F9-451D-91C0-49F1A0C2165E} = {FFC48339-10F9-451D-91C0-49F1A0C2165E}
	EndProjectSection
EndProject
Project("{FAE04EC0-301F-11D3-BF4B-00C04F79EFBC}") = "VecompSoftware.JeepDashboard", "Dashboard\VecompSoftware.JeepDashboard\VecompSoftware.JeepDashboard.csproj", "{17FC5767-7DE0-45FC-80A1-51BE0B0A64E1}"
EndProject
Project("{FAE04EC0-301F-11D3-BF4B-00C04F79EFBC}") = "VecompSoftware.JeepService.OrgDeptImporter", "Modules\VecompSoftware.JeepService.OrgDeptImporter\VecompSoftware.JeepService.OrgDeptImporter.csproj", "{EC091A77-A88E-472F-85BE-2396A78CD6B8}"
EndProject
Project("{FAE04EC0-301F-11D3-BF4B-00C04F79EFBC}") = "VecompSoftware.JeepService.BDSImporter", "Modules\VecompSoftware.JeepService.BDSImporter\VecompSoftware.JeepService.BDSImporter.csproj", "{D4725BBF-023F-469E-B7F1-5B3E21310679}"
EndProject
Project("{FAE04EC0-301F-11D3-BF4B-00C04F79EFBC}") = "Vecompsoftware.FileServer.Services", "Dashboard\Vecompsoftware.FileServer.Services\Vecompsoftware.FileServer.Services.csproj", "{0357B25D-7F29-4CBD-930B-5571D15B9969}"
EndProject
Project("{FAE04EC0-301F-11D3-BF4B-00C04F79EFBC}") = "VecompSoftware.JeepService.AVCP", "Modules\VecompSoftware.JeepService.AVCP\VecompSoftware.JeepService.AVCP.csproj", "{1398C2F2-7D5D-46B8-B0D5-658CBEED987A}"
EndProject
Project("{FAE04EC0-301F-11D3-BF4B-00C04F79EFBC}") = "VecompSoftware.JeepService.DSWCollaborationAlert", "Modules\VecompSoftware.JeepService.DSWCollaborationAlert\VecompSoftware.JeepService.DSWCollaborationAlert.csproj", "{7F2CDEDB-CC1B-4771-8A19-D15EFCA65EB5}"
EndProject
Project("{FAE04EC0-301F-11D3-BF4B-00C04F79EFBC}") = "VecompSoftware.JeepService.DocSeriesImporter", "Modules\VecompSoftware.JeepService.DocSeriesImporter\VecompSoftware.JeepService.DocSeriesImporter.csproj", "{70458681-750A-44FA-B7A1-E6D25F0A3C24}"
EndProject
Project("{FAE04EC0-301F-11D3-BF4B-00C04F79EFBC}") = "VecompSoftware.JeepService.DocSeriesExporter", "Modules\VecompSoftware.JeepService.DocSeriesExporter\VecompSoftware.JeepService.DocSeriesExporter.csproj", "{EE61A7BF-C3A7-4651-8D5B-64683BFB8F61}"
	ProjectSection(ProjectDependencies) = postProject
		{49902C42-C5DB-4988-B66B-D9F2A668697F} = {49902C42-C5DB-4988-B66B-D9F2A668697F}
	EndProjectSection
EndProject
Project("{FAE04EC0-301F-11D3-BF4B-00C04F79EFBC}") = "VecompSoftware.JeepService.SMS", "Modules\VecompSoftware.JeepService.SMS\VecompSoftware.JeepService.SMS.csproj", "{693C8CC2-3A57-4AF8-B781-FD0AA80FFA74}"
EndProject
Project("{FAE04EC0-301F-11D3-BF4B-00C04F79EFBC}") = "VecompSoftware.JeepService.ResolutionImporter", "Modules\VecompSoftware.JeepService.ResolutionImporter\VecompSoftware.JeepService.ResolutionImporter.csproj", "{4A5DD66A-669D-4480-9904-E394F734BD7C}"
EndProject
Project("{FAE04EC0-301F-11D3-BF4B-00C04F79EFBC}") = "VecompSoftware.JeepService.ResolutionWorkflowManager", "Modules\VecompSoftware.JeepService.ResolutionWorkflowManager\VecompSoftware.JeepService.ResolutionWorkflowManager.csproj", "{213DACA3-9A6B-47F1-8ABF-426C19203B72}"
EndProject
Project("{FAE04EC0-301F-11D3-BF4B-00C04F79EFBC}") = "VecompSoftware.JeepService.LogConservation", "Modules\VecompSoftware.JeepService.LogConservation\VecompSoftware.JeepService.LogConservation.csproj", "{57F50461-6303-4E8F-ABE1-0B06FC6F2DE2}"
EndProject
Global
	GlobalSection(SolutionConfigurationPlatforms) = preSolution
		Debug|Any CPU = Debug|Any CPU
		Debug|ARM = Debug|ARM
		Debug|Mixed Platforms = Debug|Mixed Platforms
		Debug|x64 = Debug|x64
		Debug|x86 = Debug|x86
		Release|Any CPU = Release|Any CPU
		Release|ARM = Release|ARM
		Release|Mixed Platforms = Release|Mixed Platforms
		Release|x64 = Release|x64
		Release|x86 = Release|x86
	EndGlobalSection
	GlobalSection(ProjectConfigurationPlatforms) = postSolution
		{057D63B9-6F35-4020-A958-2D4402774D52}.Debug|Any CPU.ActiveCfg = Debug|Any CPU
		{057D63B9-6F35-4020-A958-2D4402774D52}.Debug|ARM.ActiveCfg = Debug|Any CPU
		{057D63B9-6F35-4020-A958-2D4402774D52}.Debug|Mixed Platforms.ActiveCfg = Debug|Any CPU
		{057D63B9-6F35-4020-A958-2D4402774D52}.Debug|Mixed Platforms.Build.0 = Debug|Any CPU
		{057D63B9-6F35-4020-A958-2D4402774D52}.Debug|x64.ActiveCfg = Debug|Any CPU
		{057D63B9-6F35-4020-A958-2D4402774D52}.Debug|x86.ActiveCfg = Debug|Any CPU
		{057D63B9-6F35-4020-A958-2D4402774D52}.Release|Any CPU.ActiveCfg = Release|Any CPU
		{057D63B9-6F35-4020-A958-2D4402774D52}.Release|Any CPU.Build.0 = Release|Any CPU
		{057D63B9-6F35-4020-A958-2D4402774D52}.Release|ARM.ActiveCfg = Release|Any CPU
		{057D63B9-6F35-4020-A958-2D4402774D52}.Release|Mixed Platforms.ActiveCfg = Release|Any CPU
		{057D63B9-6F35-4020-A958-2D4402774D52}.Release|Mixed Platforms.Build.0 = Release|Any CPU
		{057D63B9-6F35-4020-A958-2D4402774D52}.Release|x64.ActiveCfg = Release|Any CPU
		{057D63B9-6F35-4020-A958-2D4402774D52}.Release|x86.ActiveCfg = Release|Any CPU
		{9D6BA345-FF7F-408A-996D-39CB77F2D5B8}.Debug|Any CPU.ActiveCfg = Debug|Any CPU
		{9D6BA345-FF7F-408A-996D-39CB77F2D5B8}.Debug|ARM.ActiveCfg = Debug|Any CPU
		{9D6BA345-FF7F-408A-996D-39CB77F2D5B8}.Debug|Mixed Platforms.ActiveCfg = Debug|Any CPU
		{9D6BA345-FF7F-408A-996D-39CB77F2D5B8}.Debug|Mixed Platforms.Build.0 = Debug|Any CPU
		{9D6BA345-FF7F-408A-996D-39CB77F2D5B8}.Debug|x64.ActiveCfg = Debug|Any CPU
		{9D6BA345-FF7F-408A-996D-39CB77F2D5B8}.Debug|x86.ActiveCfg = Debug|Any CPU
		{9D6BA345-FF7F-408A-996D-39CB77F2D5B8}.Release|Any CPU.ActiveCfg = Release|Any CPU
		{9D6BA345-FF7F-408A-996D-39CB77F2D5B8}.Release|Any CPU.Build.0 = Release|Any CPU
		{9D6BA345-FF7F-408A-996D-39CB77F2D5B8}.Release|ARM.ActiveCfg = Release|Any CPU
		{9D6BA345-FF7F-408A-996D-39CB77F2D5B8}.Release|Mixed Platforms.ActiveCfg = Release|Any CPU
		{9D6BA345-FF7F-408A-996D-39CB77F2D5B8}.Release|Mixed Platforms.Build.0 = Release|Any CPU
		{9D6BA345-FF7F-408A-996D-39CB77F2D5B8}.Release|x64.ActiveCfg = Release|Any CPU
		{9D6BA345-FF7F-408A-996D-39CB77F2D5B8}.Release|x86.ActiveCfg = Release|Any CPU
		{ADD1FE38-6496-411A-9A6B-7CB0B7E69DBA}.Debug|Any CPU.ActiveCfg = Debug|Any CPU
		{ADD1FE38-6496-411A-9A6B-7CB0B7E69DBA}.Debug|ARM.ActiveCfg = Debug|Any CPU
		{ADD1FE38-6496-411A-9A6B-7CB0B7E69DBA}.Debug|Mixed Platforms.ActiveCfg = Debug|Any CPU
		{ADD1FE38-6496-411A-9A6B-7CB0B7E69DBA}.Debug|Mixed Platforms.Build.0 = Debug|Any CPU
		{ADD1FE38-6496-411A-9A6B-7CB0B7E69DBA}.Debug|x64.ActiveCfg = Debug|Any CPU
		{ADD1FE38-6496-411A-9A6B-7CB0B7E69DBA}.Debug|x86.ActiveCfg = Debug|Any CPU
		{ADD1FE38-6496-411A-9A6B-7CB0B7E69DBA}.Release|Any CPU.ActiveCfg = Release|Any CPU
		{ADD1FE38-6496-411A-9A6B-7CB0B7E69DBA}.Release|Any CPU.Build.0 = Release|Any CPU
		{ADD1FE38-6496-411A-9A6B-7CB0B7E69DBA}.Release|ARM.ActiveCfg = Release|Any CPU
		{ADD1FE38-6496-411A-9A6B-7CB0B7E69DBA}.Release|Mixed Platforms.ActiveCfg = Release|Any CPU
		{ADD1FE38-6496-411A-9A6B-7CB0B7E69DBA}.Release|Mixed Platforms.Build.0 = Release|Any CPU
		{ADD1FE38-6496-411A-9A6B-7CB0B7E69DBA}.Release|x64.ActiveCfg = Release|Any CPU
		{ADD1FE38-6496-411A-9A6B-7CB0B7E69DBA}.Release|x86.ActiveCfg = Release|Any CPU
		{422089A2-BB30-4AA6-BC51-7AB0CC45AC86}.Debug|Any CPU.ActiveCfg = Debug|Any CPU
		{422089A2-BB30-4AA6-BC51-7AB0CC45AC86}.Debug|ARM.ActiveCfg = Debug|Any CPU
		{422089A2-BB30-4AA6-BC51-7AB0CC45AC86}.Debug|Mixed Platforms.ActiveCfg = Debug|Any CPU
		{422089A2-BB30-4AA6-BC51-7AB0CC45AC86}.Debug|Mixed Platforms.Build.0 = Debug|Any CPU
		{422089A2-BB30-4AA6-BC51-7AB0CC45AC86}.Debug|x64.ActiveCfg = Debug|Any CPU
		{422089A2-BB30-4AA6-BC51-7AB0CC45AC86}.Debug|x86.ActiveCfg = Debug|Any CPU
		{422089A2-BB30-4AA6-BC51-7AB0CC45AC86}.Release|Any CPU.ActiveCfg = Release|Any CPU
		{422089A2-BB30-4AA6-BC51-7AB0CC45AC86}.Release|Any CPU.Build.0 = Release|Any CPU
		{422089A2-BB30-4AA6-BC51-7AB0CC45AC86}.Release|ARM.ActiveCfg = Release|Any CPU
		{422089A2-BB30-4AA6-BC51-7AB0CC45AC86}.Release|Mixed Platforms.ActiveCfg = Release|Any CPU
		{422089A2-BB30-4AA6-BC51-7AB0CC45AC86}.Release|Mixed Platforms.Build.0 = Release|Any CPU
		{422089A2-BB30-4AA6-BC51-7AB0CC45AC86}.Release|x64.ActiveCfg = Release|Any CPU
		{422089A2-BB30-4AA6-BC51-7AB0CC45AC86}.Release|x86.ActiveCfg = Release|Any CPU
		{FFC48339-10F9-451D-91C0-49F1A0C2165E}.Debug|Any CPU.ActiveCfg = Debug|Any CPU
		{FFC48339-10F9-451D-91C0-49F1A0C2165E}.Debug|Any CPU.Build.0 = Debug|Any CPU
		{FFC48339-10F9-451D-91C0-49F1A0C2165E}.Debug|ARM.ActiveCfg = Debug|Any CPU
		{FFC48339-10F9-451D-91C0-49F1A0C2165E}.Debug|Mixed Platforms.ActiveCfg = Debug|Any CPU
		{FFC48339-10F9-451D-91C0-49F1A0C2165E}.Debug|Mixed Platforms.Build.0 = Debug|Any CPU
		{FFC48339-10F9-451D-91C0-49F1A0C2165E}.Debug|x64.ActiveCfg = Debug|Any CPU
		{FFC48339-10F9-451D-91C0-49F1A0C2165E}.Debug|x86.ActiveCfg = Debug|Any CPU
		{FFC48339-10F9-451D-91C0-49F1A0C2165E}.Release|Any CPU.ActiveCfg = Release|Any CPU
		{FFC48339-10F9-451D-91C0-49F1A0C2165E}.Release|Any CPU.Build.0 = Release|Any CPU
		{FFC48339-10F9-451D-91C0-49F1A0C2165E}.Release|ARM.ActiveCfg = Release|Any CPU
		{FFC48339-10F9-451D-91C0-49F1A0C2165E}.Release|Mixed Platforms.ActiveCfg = Release|Any CPU
		{FFC48339-10F9-451D-91C0-49F1A0C2165E}.Release|Mixed Platforms.Build.0 = Release|Any CPU
		{FFC48339-10F9-451D-91C0-49F1A0C2165E}.Release|x64.ActiveCfg = Release|Any CPU
		{FFC48339-10F9-451D-91C0-49F1A0C2165E}.Release|x86.ActiveCfg = Release|Any CPU
		{9DF4BCDB-51B2-4B08-B881-390A49924009}.Debug|Any CPU.ActiveCfg = Debug|Any CPU
		{9DF4BCDB-51B2-4B08-B881-390A49924009}.Debug|Any CPU.Build.0 = Debug|Any CPU
		{9DF4BCDB-51B2-4B08-B881-390A49924009}.Debug|ARM.ActiveCfg = Debug|Any CPU
		{9DF4BCDB-51B2-4B08-B881-390A49924009}.Debug|Mixed Platforms.ActiveCfg = Debug|Any CPU
		{9DF4BCDB-51B2-4B08-B881-390A49924009}.Debug|Mixed Platforms.Build.0 = Debug|Any CPU
		{9DF4BCDB-51B2-4B08-B881-390A49924009}.Debug|x64.ActiveCfg = Debug|Any CPU
		{9DF4BCDB-51B2-4B08-B881-390A49924009}.Debug|x86.ActiveCfg = Debug|Any CPU
		{9DF4BCDB-51B2-4B08-B881-390A49924009}.Release|Any CPU.ActiveCfg = Release|Any CPU
		{9DF4BCDB-51B2-4B08-B881-390A49924009}.Release|Any CPU.Build.0 = Release|Any CPU
		{9DF4BCDB-51B2-4B08-B881-390A49924009}.Release|ARM.ActiveCfg = Release|Any CPU
		{9DF4BCDB-51B2-4B08-B881-390A49924009}.Release|Mixed Platforms.ActiveCfg = Release|Any CPU
		{9DF4BCDB-51B2-4B08-B881-390A49924009}.Release|Mixed Platforms.Build.0 = Release|Any CPU
		{9DF4BCDB-51B2-4B08-B881-390A49924009}.Release|x64.ActiveCfg = Release|Any CPU
		{9DF4BCDB-51B2-4B08-B881-390A49924009}.Release|x86.ActiveCfg = Release|Any CPU
		{DC41A9B9-D726-41DF-9035-6FD587D95EB9}.Debug|Any CPU.ActiveCfg = Debug|Any CPU
		{DC41A9B9-D726-41DF-9035-6FD587D95EB9}.Debug|Any CPU.Build.0 = Debug|Any CPU
		{DC41A9B9-D726-41DF-9035-6FD587D95EB9}.Debug|ARM.ActiveCfg = Debug|Any CPU
		{DC41A9B9-D726-41DF-9035-6FD587D95EB9}.Debug|Mixed Platforms.ActiveCfg = Debug|Any CPU
		{DC41A9B9-D726-41DF-9035-6FD587D95EB9}.Debug|Mixed Platforms.Build.0 = Debug|Any CPU
		{DC41A9B9-D726-41DF-9035-6FD587D95EB9}.Debug|x64.ActiveCfg = Debug|Any CPU
		{DC41A9B9-D726-41DF-9035-6FD587D95EB9}.Debug|x86.ActiveCfg = Debug|Any CPU
		{DC41A9B9-D726-41DF-9035-6FD587D95EB9}.Release|Any CPU.ActiveCfg = Release|Any CPU
		{DC41A9B9-D726-41DF-9035-6FD587D95EB9}.Release|Any CPU.Build.0 = Release|Any CPU
		{DC41A9B9-D726-41DF-9035-6FD587D95EB9}.Release|ARM.ActiveCfg = Release|Any CPU
		{DC41A9B9-D726-41DF-9035-6FD587D95EB9}.Release|Mixed Platforms.ActiveCfg = Release|Any CPU
		{DC41A9B9-D726-41DF-9035-6FD587D95EB9}.Release|Mixed Platforms.Build.0 = Release|Any CPU
		{DC41A9B9-D726-41DF-9035-6FD587D95EB9}.Release|x64.ActiveCfg = Release|Any CPU
		{DC41A9B9-D726-41DF-9035-6FD587D95EB9}.Release|x86.ActiveCfg = Release|Any CPU
		{5A3D8614-0A8F-49C0-AA95-3CA313C68E40}.Debug|Any CPU.ActiveCfg = Debug|Any CPU
		{5A3D8614-0A8F-49C0-AA95-3CA313C68E40}.Debug|Any CPU.Build.0 = Debug|Any CPU
		{5A3D8614-0A8F-49C0-AA95-3CA313C68E40}.Debug|ARM.ActiveCfg = Debug|Any CPU
		{5A3D8614-0A8F-49C0-AA95-3CA313C68E40}.Debug|Mixed Platforms.ActiveCfg = Debug|Any CPU
		{5A3D8614-0A8F-49C0-AA95-3CA313C68E40}.Debug|Mixed Platforms.Build.0 = Debug|Any CPU
		{5A3D8614-0A8F-49C0-AA95-3CA313C68E40}.Debug|x64.ActiveCfg = Debug|Any CPU
		{5A3D8614-0A8F-49C0-AA95-3CA313C68E40}.Debug|x86.ActiveCfg = Debug|Any CPU
		{5A3D8614-0A8F-49C0-AA95-3CA313C68E40}.Release|Any CPU.ActiveCfg = Release|Any CPU
		{5A3D8614-0A8F-49C0-AA95-3CA313C68E40}.Release|Any CPU.Build.0 = Release|Any CPU
		{5A3D8614-0A8F-49C0-AA95-3CA313C68E40}.Release|ARM.ActiveCfg = Release|Any CPU
		{5A3D8614-0A8F-49C0-AA95-3CA313C68E40}.Release|Mixed Platforms.ActiveCfg = Release|Any CPU
		{5A3D8614-0A8F-49C0-AA95-3CA313C68E40}.Release|Mixed Platforms.Build.0 = Release|Any CPU
		{5A3D8614-0A8F-49C0-AA95-3CA313C68E40}.Release|x64.ActiveCfg = Release|Any CPU
		{5A3D8614-0A8F-49C0-AA95-3CA313C68E40}.Release|x86.ActiveCfg = Release|Any CPU
		{688348B8-C0F3-410E-B28A-5EE3EA07B812}.Debug|Any CPU.ActiveCfg = Debug|Any CPU
		{688348B8-C0F3-410E-B28A-5EE3EA07B812}.Debug|Any CPU.Build.0 = Debug|Any CPU
		{688348B8-C0F3-410E-B28A-5EE3EA07B812}.Debug|ARM.ActiveCfg = Debug|Any CPU
		{688348B8-C0F3-410E-B28A-5EE3EA07B812}.Debug|Mixed Platforms.ActiveCfg = Debug|Any CPU
		{688348B8-C0F3-410E-B28A-5EE3EA07B812}.Debug|Mixed Platforms.Build.0 = Debug|Any CPU
		{688348B8-C0F3-410E-B28A-5EE3EA07B812}.Debug|x64.ActiveCfg = Debug|Any CPU
		{688348B8-C0F3-410E-B28A-5EE3EA07B812}.Debug|x86.ActiveCfg = Debug|Any CPU
		{688348B8-C0F3-410E-B28A-5EE3EA07B812}.Release|Any CPU.ActiveCfg = Release|Any CPU
		{688348B8-C0F3-410E-B28A-5EE3EA07B812}.Release|Any CPU.Build.0 = Release|Any CPU
		{688348B8-C0F3-410E-B28A-5EE3EA07B812}.Release|ARM.ActiveCfg = Release|Any CPU
		{688348B8-C0F3-410E-B28A-5EE3EA07B812}.Release|Mixed Platforms.ActiveCfg = Release|Any CPU
		{688348B8-C0F3-410E-B28A-5EE3EA07B812}.Release|Mixed Platforms.Build.0 = Release|Any CPU
		{688348B8-C0F3-410E-B28A-5EE3EA07B812}.Release|x64.ActiveCfg = Release|Any CPU
		{688348B8-C0F3-410E-B28A-5EE3EA07B812}.Release|x86.ActiveCfg = Release|Any CPU
		{49902C42-C5DB-4988-B66B-D9F2A668697F}.Debug|Any CPU.ActiveCfg = Debug|Any CPU
		{49902C42-C5DB-4988-B66B-D9F2A668697F}.Debug|Any CPU.Build.0 = Debug|Any CPU
		{49902C42-C5DB-4988-B66B-D9F2A668697F}.Debug|ARM.ActiveCfg = Debug|Any CPU
		{49902C42-C5DB-4988-B66B-D9F2A668697F}.Debug|Mixed Platforms.ActiveCfg = Debug|Any CPU
		{49902C42-C5DB-4988-B66B-D9F2A668697F}.Debug|Mixed Platforms.Build.0 = Debug|Any CPU
		{49902C42-C5DB-4988-B66B-D9F2A668697F}.Debug|x64.ActiveCfg = Debug|Any CPU
		{49902C42-C5DB-4988-B66B-D9F2A668697F}.Debug|x86.ActiveCfg = Debug|Any CPU
		{49902C42-C5DB-4988-B66B-D9F2A668697F}.Release|Any CPU.ActiveCfg = Release|Any CPU
		{49902C42-C5DB-4988-B66B-D9F2A668697F}.Release|Any CPU.Build.0 = Release|Any CPU
		{49902C42-C5DB-4988-B66B-D9F2A668697F}.Release|ARM.ActiveCfg = Release|Any CPU
		{49902C42-C5DB-4988-B66B-D9F2A668697F}.Release|Mixed Platforms.ActiveCfg = Release|Any CPU
		{49902C42-C5DB-4988-B66B-D9F2A668697F}.Release|Mixed Platforms.Build.0 = Release|Any CPU
		{49902C42-C5DB-4988-B66B-D9F2A668697F}.Release|x64.ActiveCfg = Release|Any CPU
		{49902C42-C5DB-4988-B66B-D9F2A668697F}.Release|x86.ActiveCfg = Release|Any CPU
		{711F6690-BC2B-491F-9392-D73CB09ABB9F}.Debug|Any CPU.ActiveCfg = Debug|Any CPU
		{711F6690-BC2B-491F-9392-D73CB09ABB9F}.Debug|Any CPU.Build.0 = Debug|Any CPU
		{711F6690-BC2B-491F-9392-D73CB09ABB9F}.Debug|ARM.ActiveCfg = Debug|Any CPU
		{711F6690-BC2B-491F-9392-D73CB09ABB9F}.Debug|Mixed Platforms.ActiveCfg = Debug|Any CPU
		{711F6690-BC2B-491F-9392-D73CB09ABB9F}.Debug|Mixed Platforms.Build.0 = Debug|Any CPU
		{711F6690-BC2B-491F-9392-D73CB09ABB9F}.Debug|x64.ActiveCfg = Debug|Any CPU
		{711F6690-BC2B-491F-9392-D73CB09ABB9F}.Debug|x86.ActiveCfg = Debug|Any CPU
		{711F6690-BC2B-491F-9392-D73CB09ABB9F}.Release|Any CPU.ActiveCfg = Release|Any CPU
		{711F6690-BC2B-491F-9392-D73CB09ABB9F}.Release|Any CPU.Build.0 = Release|Any CPU
		{711F6690-BC2B-491F-9392-D73CB09ABB9F}.Release|ARM.ActiveCfg = Release|Any CPU
		{711F6690-BC2B-491F-9392-D73CB09ABB9F}.Release|Mixed Platforms.ActiveCfg = Release|Any CPU
		{711F6690-BC2B-491F-9392-D73CB09ABB9F}.Release|Mixed Platforms.Build.0 = Release|Any CPU
		{711F6690-BC2B-491F-9392-D73CB09ABB9F}.Release|x64.ActiveCfg = Release|Any CPU
		{711F6690-BC2B-491F-9392-D73CB09ABB9F}.Release|x86.ActiveCfg = Release|Any CPU
		{17FC5767-7DE0-45FC-80A1-51BE0B0A64E1}.Debug|Any CPU.ActiveCfg = Debug|Any CPU
		{17FC5767-7DE0-45FC-80A1-51BE0B0A64E1}.Debug|Any CPU.Build.0 = Debug|Any CPU
		{17FC5767-7DE0-45FC-80A1-51BE0B0A64E1}.Debug|ARM.ActiveCfg = Debug|Any CPU
		{17FC5767-7DE0-45FC-80A1-51BE0B0A64E1}.Debug|Mixed Platforms.ActiveCfg = Debug|Any CPU
		{17FC5767-7DE0-45FC-80A1-51BE0B0A64E1}.Debug|Mixed Platforms.Build.0 = Debug|Any CPU
		{17FC5767-7DE0-45FC-80A1-51BE0B0A64E1}.Debug|x64.ActiveCfg = Debug|Any CPU
		{17FC5767-7DE0-45FC-80A1-51BE0B0A64E1}.Debug|x86.ActiveCfg = Debug|Any CPU
		{17FC5767-7DE0-45FC-80A1-51BE0B0A64E1}.Release|Any CPU.ActiveCfg = Release|Any CPU
		{17FC5767-7DE0-45FC-80A1-51BE0B0A64E1}.Release|Any CPU.Build.0 = Release|Any CPU
		{17FC5767-7DE0-45FC-80A1-51BE0B0A64E1}.Release|ARM.ActiveCfg = Release|Any CPU
		{17FC5767-7DE0-45FC-80A1-51BE0B0A64E1}.Release|Mixed Platforms.ActiveCfg = Release|Any CPU
		{17FC5767-7DE0-45FC-80A1-51BE0B0A64E1}.Release|Mixed Platforms.Build.0 = Release|Any CPU
		{17FC5767-7DE0-45FC-80A1-51BE0B0A64E1}.Release|x64.ActiveCfg = Release|Any CPU
		{17FC5767-7DE0-45FC-80A1-51BE0B0A64E1}.Release|x86.ActiveCfg = Release|Any CPU
		{EC091A77-A88E-472F-85BE-2396A78CD6B8}.Debug|Any CPU.ActiveCfg = Debug|Any CPU
		{EC091A77-A88E-472F-85BE-2396A78CD6B8}.Debug|Any CPU.Build.0 = Debug|Any CPU
		{EC091A77-A88E-472F-85BE-2396A78CD6B8}.Debug|ARM.ActiveCfg = Debug|Any CPU
		{EC091A77-A88E-472F-85BE-2396A78CD6B8}.Debug|Mixed Platforms.ActiveCfg = Debug|Any CPU
		{EC091A77-A88E-472F-85BE-2396A78CD6B8}.Debug|Mixed Platforms.Build.0 = Debug|Any CPU
		{EC091A77-A88E-472F-85BE-2396A78CD6B8}.Debug|x64.ActiveCfg = Debug|Any CPU
		{EC091A77-A88E-472F-85BE-2396A78CD6B8}.Debug|x86.ActiveCfg = Debug|Any CPU
		{EC091A77-A88E-472F-85BE-2396A78CD6B8}.Release|Any CPU.ActiveCfg = Release|Any CPU
		{EC091A77-A88E-472F-85BE-2396A78CD6B8}.Release|Any CPU.Build.0 = Release|Any CPU
		{EC091A77-A88E-472F-85BE-2396A78CD6B8}.Release|ARM.ActiveCfg = Release|Any CPU
		{EC091A77-A88E-472F-85BE-2396A78CD6B8}.Release|Mixed Platforms.ActiveCfg = Release|Any CPU
		{EC091A77-A88E-472F-85BE-2396A78CD6B8}.Release|Mixed Platforms.Build.0 = Release|Any CPU
		{EC091A77-A88E-472F-85BE-2396A78CD6B8}.Release|x64.ActiveCfg = Release|Any CPU
		{EC091A77-A88E-472F-85BE-2396A78CD6B8}.Release|x86.ActiveCfg = Release|Any CPU
		{D4725BBF-023F-469E-B7F1-5B3E21310679}.Debug|Any CPU.ActiveCfg = Debug|Any CPU
		{D4725BBF-023F-469E-B7F1-5B3E21310679}.Debug|Any CPU.Build.0 = Debug|Any CPU
		{D4725BBF-023F-469E-B7F1-5B3E21310679}.Debug|ARM.ActiveCfg = Debug|Any CPU
		{D4725BBF-023F-469E-B7F1-5B3E21310679}.Debug|Mixed Platforms.ActiveCfg = Debug|Any CPU
		{D4725BBF-023F-469E-B7F1-5B3E21310679}.Debug|Mixed Platforms.Build.0 = Debug|Any CPU
		{D4725BBF-023F-469E-B7F1-5B3E21310679}.Debug|x64.ActiveCfg = Debug|Any CPU
		{D4725BBF-023F-469E-B7F1-5B3E21310679}.Debug|x86.ActiveCfg = Debug|Any CPU
		{D4725BBF-023F-469E-B7F1-5B3E21310679}.Release|Any CPU.ActiveCfg = Release|Any CPU
		{D4725BBF-023F-469E-B7F1-5B3E21310679}.Release|Any CPU.Build.0 = Release|Any CPU
		{D4725BBF-023F-469E-B7F1-5B3E21310679}.Release|ARM.ActiveCfg = Release|Any CPU
		{D4725BBF-023F-469E-B7F1-5B3E21310679}.Release|Mixed Platforms.ActiveCfg = Release|Any CPU
		{D4725BBF-023F-469E-B7F1-5B3E21310679}.Release|Mixed Platforms.Build.0 = Release|Any CPU
		{D4725BBF-023F-469E-B7F1-5B3E21310679}.Release|x64.ActiveCfg = Release|Any CPU
		{D4725BBF-023F-469E-B7F1-5B3E21310679}.Release|x86.ActiveCfg = Release|Any CPU
		{0357B25D-7F29-4CBD-930B-5571D15B9969}.Debug|Any CPU.ActiveCfg = Debug|Any CPU
		{0357B25D-7F29-4CBD-930B-5571D15B9969}.Debug|Any CPU.Build.0 = Debug|Any CPU
		{0357B25D-7F29-4CBD-930B-5571D15B9969}.Debug|ARM.ActiveCfg = Debug|Any CPU
		{0357B25D-7F29-4CBD-930B-5571D15B9969}.Debug|Mixed Platforms.ActiveCfg = Debug|Any CPU
		{0357B25D-7F29-4CBD-930B-5571D15B9969}.Debug|Mixed Platforms.Build.0 = Debug|Any CPU
		{0357B25D-7F29-4CBD-930B-5571D15B9969}.Debug|x64.ActiveCfg = Debug|Any CPU
		{0357B25D-7F29-4CBD-930B-5571D15B9969}.Debug|x86.ActiveCfg = Debug|Any CPU
		{0357B25D-7F29-4CBD-930B-5571D15B9969}.Release|Any CPU.ActiveCfg = Release|Any CPU
		{0357B25D-7F29-4CBD-930B-5571D15B9969}.Release|Any CPU.Build.0 = Release|Any CPU
		{0357B25D-7F29-4CBD-930B-5571D15B9969}.Release|ARM.ActiveCfg = Release|Any CPU
		{0357B25D-7F29-4CBD-930B-5571D15B9969}.Release|Mixed Platforms.ActiveCfg = Release|Any CPU
		{0357B25D-7F29-4CBD-930B-5571D15B9969}.Release|Mixed Platforms.Build.0 = Release|Any CPU
		{0357B25D-7F29-4CBD-930B-5571D15B9969}.Release|x64.ActiveCfg = Release|Any CPU
		{0357B25D-7F29-4CBD-930B-5571D15B9969}.Release|x86.ActiveCfg = Release|Any CPU
		{1398C2F2-7D5D-46B8-B0D5-658CBEED987A}.Debug|Any CPU.ActiveCfg = Debug|Any CPU
		{1398C2F2-7D5D-46B8-B0D5-658CBEED987A}.Debug|Any CPU.Build.0 = Debug|Any CPU
		{1398C2F2-7D5D-46B8-B0D5-658CBEED987A}.Debug|ARM.ActiveCfg = Debug|Any CPU
		{1398C2F2-7D5D-46B8-B0D5-658CBEED987A}.Debug|Mixed Platforms.ActiveCfg = Debug|Any CPU
		{1398C2F2-7D5D-46B8-B0D5-658CBEED987A}.Debug|Mixed Platforms.Build.0 = Debug|Any CPU
		{1398C2F2-7D5D-46B8-B0D5-658CBEED987A}.Debug|x64.ActiveCfg = Debug|Any CPU
		{1398C2F2-7D5D-46B8-B0D5-658CBEED987A}.Debug|x86.ActiveCfg = Debug|Any CPU
		{1398C2F2-7D5D-46B8-B0D5-658CBEED987A}.Release|Any CPU.ActiveCfg = Release|Any CPU
		{1398C2F2-7D5D-46B8-B0D5-658CBEED987A}.Release|Any CPU.Build.0 = Release|Any CPU
		{1398C2F2-7D5D-46B8-B0D5-658CBEED987A}.Release|ARM.ActiveCfg = Release|Any CPU
		{1398C2F2-7D5D-46B8-B0D5-658CBEED987A}.Release|Mixed Platforms.ActiveCfg = Release|Any CPU
		{1398C2F2-7D5D-46B8-B0D5-658CBEED987A}.Release|Mixed Platforms.Build.0 = Release|Any CPU
		{1398C2F2-7D5D-46B8-B0D5-658CBEED987A}.Release|x64.ActiveCfg = Release|Any CPU
		{1398C2F2-7D5D-46B8-B0D5-658CBEED987A}.Release|x86.ActiveCfg = Release|Any CPU
		{7F2CDEDB-CC1B-4771-8A19-D15EFCA65EB5}.Debug|Any CPU.ActiveCfg = Debug|Any CPU
		{7F2CDEDB-CC1B-4771-8A19-D15EFCA65EB5}.Debug|Any CPU.Build.0 = Debug|Any CPU
		{7F2CDEDB-CC1B-4771-8A19-D15EFCA65EB5}.Debug|ARM.ActiveCfg = Debug|Any CPU
		{7F2CDEDB-CC1B-4771-8A19-D15EFCA65EB5}.Debug|Mixed Platforms.ActiveCfg = Debug|Any CPU
		{7F2CDEDB-CC1B-4771-8A19-D15EFCA65EB5}.Debug|Mixed Platforms.Build.0 = Debug|Any CPU
		{7F2CDEDB-CC1B-4771-8A19-D15EFCA65EB5}.Debug|x64.ActiveCfg = Debug|Any CPU
		{7F2CDEDB-CC1B-4771-8A19-D15EFCA65EB5}.Debug|x86.ActiveCfg = Debug|Any CPU
		{7F2CDEDB-CC1B-4771-8A19-D15EFCA65EB5}.Release|Any CPU.ActiveCfg = Release|Any CPU
		{7F2CDEDB-CC1B-4771-8A19-D15EFCA65EB5}.Release|Any CPU.Build.0 = Release|Any CPU
		{7F2CDEDB-CC1B-4771-8A19-D15EFCA65EB5}.Release|ARM.ActiveCfg = Release|Any CPU
		{7F2CDEDB-CC1B-4771-8A19-D15EFCA65EB5}.Release|Mixed Platforms.ActiveCfg = Release|Any CPU
		{7F2CDEDB-CC1B-4771-8A19-D15EFCA65EB5}.Release|Mixed Platforms.Build.0 = Release|Any CPU
		{7F2CDEDB-CC1B-4771-8A19-D15EFCA65EB5}.Release|x64.ActiveCfg = Release|Any CPU
		{7F2CDEDB-CC1B-4771-8A19-D15EFCA65EB5}.Release|x86.ActiveCfg = Release|Any CPU
		{70458681-750A-44FA-B7A1-E6D25F0A3C24}.Debug|Any CPU.ActiveCfg = Debug|Any CPU
		{70458681-750A-44FA-B7A1-E6D25F0A3C24}.Debug|Any CPU.Build.0 = Debug|Any CPU
		{70458681-750A-44FA-B7A1-E6D25F0A3C24}.Debug|ARM.ActiveCfg = Debug|Any CPU
		{70458681-750A-44FA-B7A1-E6D25F0A3C24}.Debug|Mixed Platforms.ActiveCfg = Debug|Any CPU
		{70458681-750A-44FA-B7A1-E6D25F0A3C24}.Debug|Mixed Platforms.Build.0 = Debug|Any CPU
		{70458681-750A-44FA-B7A1-E6D25F0A3C24}.Debug|x64.ActiveCfg = Debug|Any CPU
		{70458681-750A-44FA-B7A1-E6D25F0A3C24}.Debug|x86.ActiveCfg = Debug|Any CPU
		{70458681-750A-44FA-B7A1-E6D25F0A3C24}.Release|Any CPU.ActiveCfg = Release|Any CPU
		{70458681-750A-44FA-B7A1-E6D25F0A3C24}.Release|Any CPU.Build.0 = Release|Any CPU
		{70458681-750A-44FA-B7A1-E6D25F0A3C24}.Release|ARM.ActiveCfg = Release|Any CPU
		{70458681-750A-44FA-B7A1-E6D25F0A3C24}.Release|Mixed Platforms.ActiveCfg = Release|Any CPU
		{70458681-750A-44FA-B7A1-E6D25F0A3C24}.Release|Mixed Platforms.Build.0 = Release|Any CPU
		{70458681-750A-44FA-B7A1-E6D25F0A3C24}.Release|x64.ActiveCfg = Release|Any CPU
		{70458681-750A-44FA-B7A1-E6D25F0A3C24}.Release|x86.ActiveCfg = Release|Any CPU
		{EE61A7BF-C3A7-4651-8D5B-64683BFB8F61}.Debug|Any CPU.ActiveCfg = Debug|Any CPU
		{EE61A7BF-C3A7-4651-8D5B-64683BFB8F61}.Debug|Any CPU.Build.0 = Debug|Any CPU
		{EE61A7BF-C3A7-4651-8D5B-64683BFB8F61}.Debug|ARM.ActiveCfg = Debug|Any CPU
		{EE61A7BF-C3A7-4651-8D5B-64683BFB8F61}.Debug|Mixed Platforms.ActiveCfg = Debug|Any CPU
		{EE61A7BF-C3A7-4651-8D5B-64683BFB8F61}.Debug|Mixed Platforms.Build.0 = Debug|Any CPU
		{EE61A7BF-C3A7-4651-8D5B-64683BFB8F61}.Debug|x64.ActiveCfg = Debug|Any CPU
		{EE61A7BF-C3A7-4651-8D5B-64683BFB8F61}.Debug|x86.ActiveCfg = Debug|Any CPU
		{EE61A7BF-C3A7-4651-8D5B-64683BFB8F61}.Release|Any CPU.ActiveCfg = Release|Any CPU
		{EE61A7BF-C3A7-4651-8D5B-64683BFB8F61}.Release|Any CPU.Build.0 = Release|Any CPU
		{EE61A7BF-C3A7-4651-8D5B-64683BFB8F61}.Release|ARM.ActiveCfg = Release|Any CPU
		{EE61A7BF-C3A7-4651-8D5B-64683BFB8F61}.Release|Mixed Platforms.ActiveCfg = Release|Any CPU
		{EE61A7BF-C3A7-4651-8D5B-64683BFB8F61}.Release|Mixed Platforms.Build.0 = Release|Any CPU
		{EE61A7BF-C3A7-4651-8D5B-64683BFB8F61}.Release|x64.ActiveCfg = Release|Any CPU
		{EE61A7BF-C3A7-4651-8D5B-64683BFB8F61}.Release|x86.ActiveCfg = Release|Any CPU
		{693C8CC2-3A57-4AF8-B781-FD0AA80FFA74}.Debug|Any CPU.ActiveCfg = Debug|Any CPU
		{693C8CC2-3A57-4AF8-B781-FD0AA80FFA74}.Debug|Any CPU.Build.0 = Debug|Any CPU
		{693C8CC2-3A57-4AF8-B781-FD0AA80FFA74}.Debug|ARM.ActiveCfg = Debug|Any CPU
		{693C8CC2-3A57-4AF8-B781-FD0AA80FFA74}.Debug|Mixed Platforms.ActiveCfg = Debug|Any CPU
		{693C8CC2-3A57-4AF8-B781-FD0AA80FFA74}.Debug|Mixed Platforms.Build.0 = Debug|Any CPU
		{693C8CC2-3A57-4AF8-B781-FD0AA80FFA74}.Debug|x64.ActiveCfg = Debug|Any CPU
		{693C8CC2-3A57-4AF8-B781-FD0AA80FFA74}.Debug|x86.ActiveCfg = Debug|Any CPU
		{693C8CC2-3A57-4AF8-B781-FD0AA80FFA74}.Release|Any CPU.ActiveCfg = Release|Any CPU
		{693C8CC2-3A57-4AF8-B781-FD0AA80FFA74}.Release|Any CPU.Build.0 = Release|Any CPU
		{693C8CC2-3A57-4AF8-B781-FD0AA80FFA74}.Release|ARM.ActiveCfg = Release|Any CPU
		{693C8CC2-3A57-4AF8-B781-FD0AA80FFA74}.Release|Mixed Platforms.ActiveCfg = Release|Any CPU
		{693C8CC2-3A57-4AF8-B781-FD0AA80FFA74}.Release|Mixed Platforms.Build.0 = Release|Any CPU
		{693C8CC2-3A57-4AF8-B781-FD0AA80FFA74}.Release|x64.ActiveCfg = Release|Any CPU
		{693C8CC2-3A57-4AF8-B781-FD0AA80FFA74}.Release|x86.ActiveCfg = Release|Any CPU
		{4A5DD66A-669D-4480-9904-E394F734BD7C}.Debug|Any CPU.ActiveCfg = Debug|Any CPU
		{4A5DD66A-669D-4480-9904-E394F734BD7C}.Debug|Any CPU.Build.0 = Debug|Any CPU
		{4A5DD66A-669D-4480-9904-E394F734BD7C}.Debug|ARM.ActiveCfg = Debug|Any CPU
		{4A5DD66A-669D-4480-9904-E394F734BD7C}.Debug|ARM.Build.0 = Debug|Any CPU
		{4A5DD66A-669D-4480-9904-E394F734BD7C}.Debug|Mixed Platforms.ActiveCfg = Debug|Any CPU
		{4A5DD66A-669D-4480-9904-E394F734BD7C}.Debug|Mixed Platforms.Build.0 = Debug|Any CPU
		{4A5DD66A-669D-4480-9904-E394F734BD7C}.Debug|x64.ActiveCfg = Debug|Any CPU
		{4A5DD66A-669D-4480-9904-E394F734BD7C}.Debug|x64.Build.0 = Debug|Any CPU
		{4A5DD66A-669D-4480-9904-E394F734BD7C}.Debug|x86.ActiveCfg = Debug|Any CPU
		{4A5DD66A-669D-4480-9904-E394F734BD7C}.Debug|x86.Build.0 = Debug|Any CPU
		{4A5DD66A-669D-4480-9904-E394F734BD7C}.Release|Any CPU.ActiveCfg = Release|Any CPU
		{4A5DD66A-669D-4480-9904-E394F734BD7C}.Release|Any CPU.Build.0 = Release|Any CPU
		{4A5DD66A-669D-4480-9904-E394F734BD7C}.Release|ARM.ActiveCfg = Release|Any CPU
		{4A5DD66A-669D-4480-9904-E394F734BD7C}.Release|ARM.Build.0 = Release|Any CPU
		{4A5DD66A-669D-4480-9904-E394F734BD7C}.Release|Mixed Platforms.ActiveCfg = Release|Any CPU
		{4A5DD66A-669D-4480-9904-E394F734BD7C}.Release|Mixed Platforms.Build.0 = Release|Any CPU
		{4A5DD66A-669D-4480-9904-E394F734BD7C}.Release|x64.ActiveCfg = Release|Any CPU
		{4A5DD66A-669D-4480-9904-E394F734BD7C}.Release|x64.Build.0 = Release|Any CPU
		{4A5DD66A-669D-4480-9904-E394F734BD7C}.Release|x86.ActiveCfg = Release|Any CPU
		{4A5DD66A-669D-4480-9904-E394F734BD7C}.Release|x86.Build.0 = Release|Any CPU
		{213DACA3-9A6B-47F1-8ABF-426C19203B72}.Debug|Any CPU.ActiveCfg = Debug|Any CPU
		{213DACA3-9A6B-47F1-8ABF-426C19203B72}.Debug|Any CPU.Build.0 = Debug|Any CPU
		{213DACA3-9A6B-47F1-8ABF-426C19203B72}.Debug|ARM.ActiveCfg = Debug|Any CPU
		{213DACA3-9A6B-47F1-8ABF-426C19203B72}.Debug|ARM.Build.0 = Debug|Any CPU
		{213DACA3-9A6B-47F1-8ABF-426C19203B72}.Debug|Mixed Platforms.ActiveCfg = Debug|Any CPU
		{213DACA3-9A6B-47F1-8ABF-426C19203B72}.Debug|Mixed Platforms.Build.0 = Debug|Any CPU
		{213DACA3-9A6B-47F1-8ABF-426C19203B72}.Debug|x64.ActiveCfg = Debug|Any CPU
		{213DACA3-9A6B-47F1-8ABF-426C19203B72}.Debug|x64.Build.0 = Debug|Any CPU
		{213DACA3-9A6B-47F1-8ABF-426C19203B72}.Debug|x86.ActiveCfg = Debug|Any CPU
		{213DACA3-9A6B-47F1-8ABF-426C19203B72}.Debug|x86.Build.0 = Debug|Any CPU
		{213DACA3-9A6B-47F1-8ABF-426C19203B72}.Release|Any CPU.ActiveCfg = Release|Any CPU
		{213DACA3-9A6B-47F1-8ABF-426C19203B72}.Release|Any CPU.Build.0 = Release|Any CPU
		{213DACA3-9A6B-47F1-8ABF-426C19203B72}.Release|ARM.ActiveCfg = Release|Any CPU
		{213DACA3-9A6B-47F1-8ABF-426C19203B72}.Release|ARM.Build.0 = Release|Any CPU
		{213DACA3-9A6B-47F1-8ABF-426C19203B72}.Release|Mixed Platforms.ActiveCfg = Release|Any CPU
		{213DACA3-9A6B-47F1-8ABF-426C19203B72}.Release|Mixed Platforms.Build.0 = Release|Any CPU
		{213DACA3-9A6B-47F1-8ABF-426C19203B72}.Release|x64.ActiveCfg = Release|Any CPU
		{213DACA3-9A6B-47F1-8ABF-426C19203B72}.Release|x64.Build.0 = Release|Any CPU
		{213DACA3-9A6B-47F1-8ABF-426C19203B72}.Release|x86.ActiveCfg = Release|Any CPU
		{213DACA3-9A6B-47F1-8ABF-426C19203B72}.Release|x86.Build.0 = Release|Any CPU
		{57F50461-6303-4E8F-ABE1-0B06FC6F2DE2}.Debug|Any CPU.ActiveCfg = Debug|Any CPU
		{57F50461-6303-4E8F-ABE1-0B06FC6F2DE2}.Debug|Any CPU.Build.0 = Debug|Any CPU
		{57F50461-6303-4E8F-ABE1-0B06FC6F2DE2}.Debug|ARM.ActiveCfg = Debug|Any CPU
		{57F50461-6303-4E8F-ABE1-0B06FC6F2DE2}.Debug|ARM.Build.0 = Debug|Any CPU
		{57F50461-6303-4E8F-ABE1-0B06FC6F2DE2}.Debug|Mixed Platforms.ActiveCfg = Debug|Any CPU
		{57F50461-6303-4E8F-ABE1-0B06FC6F2DE2}.Debug|Mixed Platforms.Build.0 = Debug|Any CPU
		{57F50461-6303-4E8F-ABE1-0B06FC6F2DE2}.Debug|x64.ActiveCfg = Debug|Any CPU
		{57F50461-6303-4E8F-ABE1-0B06FC6F2DE2}.Debug|x64.Build.0 = Debug|Any CPU
		{57F50461-6303-4E8F-ABE1-0B06FC6F2DE2}.Debug|x86.ActiveCfg = Debug|Any CPU
		{57F50461-6303-4E8F-ABE1-0B06FC6F2DE2}.Debug|x86.Build.0 = Debug|Any CPU
		{57F50461-6303-4E8F-ABE1-0B06FC6F2DE2}.Release|Any CPU.ActiveCfg = Release|Any CPU
		{57F50461-6303-4E8F-ABE1-0B06FC6F2DE2}.Release|Any CPU.Build.0 = Release|Any CPU
		{57F50461-6303-4E8F-ABE1-0B06FC6F2DE2}.Release|ARM.ActiveCfg = Release|Any CPU
		{57F50461-6303-4E8F-ABE1-0B06FC6F2DE2}.Release|ARM.Build.0 = Release|Any CPU
		{57F50461-6303-4E8F-ABE1-0B06FC6F2DE2}.Release|Mixed Platforms.ActiveCfg = Release|Any CPU
		{57F50461-6303-4E8F-ABE1-0B06FC6F2DE2}.Release|Mixed Platforms.Build.0 = Release|Any CPU
		{57F50461-6303-4E8F-ABE1-0B06FC6F2DE2}.Release|x64.ActiveCfg = Release|Any CPU
		{57F50461-6303-4E8F-ABE1-0B06FC6F2DE2}.Release|x64.Build.0 = Release|Any CPU
		{57F50461-6303-4E8F-ABE1-0B06FC6F2DE2}.Release|x86.ActiveCfg = Release|Any CPU
		{57F50461-6303-4E8F-ABE1-0B06FC6F2DE2}.Release|x86.Build.0 = Release|Any CPU
	EndGlobalSection
	GlobalSection(SolutionProperties) = preSolution
		HideSolutionNode = FALSE
	EndGlobalSection
	GlobalSection(NestedProjects) = preSolution
		{057D63B9-6F35-4020-A958-2D4402774D52} = {75D46C77-3E49-4C9F-BB15-BE1FB837BDA4}
		{9D6BA345-FF7F-408A-996D-39CB77F2D5B8} = {75D46C77-3E49-4C9F-BB15-BE1FB837BDA4}
		{ADD1FE38-6496-411A-9A6B-7CB0B7E69DBA} = {75D46C77-3E49-4C9F-BB15-BE1FB837BDA4}
		{422089A2-BB30-4AA6-BC51-7AB0CC45AC86} = {75D46C77-3E49-4C9F-BB15-BE1FB837BDA4}
		{FFC48339-10F9-451D-91C0-49F1A0C2165E} = {75D46C77-3E49-4C9F-BB15-BE1FB837BDA4}
		{9DF4BCDB-51B2-4B08-B881-390A49924009} = {97B9AFE9-DB45-4005-AAC3-B335228EDFF4}
		{DC41A9B9-D726-41DF-9035-6FD587D95EB9} = {75D46C77-3E49-4C9F-BB15-BE1FB837BDA4}
		{5A3D8614-0A8F-49C0-AA95-3CA313C68E40} = {97B9AFE9-DB45-4005-AAC3-B335228EDFF4}
		{688348B8-C0F3-410E-B28A-5EE3EA07B812} = {97B9AFE9-DB45-4005-AAC3-B335228EDFF4}
		{49902C42-C5DB-4988-B66B-D9F2A668697F} = {97B9AFE9-DB45-4005-AAC3-B335228EDFF4}
		{711F6690-BC2B-491F-9392-D73CB09ABB9F} = {76E6321A-C51E-41EC-9ACD-BC3F7F44E650}
		{17FC5767-7DE0-45FC-80A1-51BE0B0A64E1} = {2AD857F0-D7BA-4F96-9A93-1E26811910E7}
		{EC091A77-A88E-472F-85BE-2396A78CD6B8} = {75D46C77-3E49-4C9F-BB15-BE1FB837BDA4}
		{D4725BBF-023F-469E-B7F1-5B3E21310679} = {75D46C77-3E49-4C9F-BB15-BE1FB837BDA4}
		{0357B25D-7F29-4CBD-930B-5571D15B9969} = {2AD857F0-D7BA-4F96-9A93-1E26811910E7}
		{1398C2F2-7D5D-46B8-B0D5-658CBEED987A} = {75D46C77-3E49-4C9F-BB15-BE1FB837BDA4}
		{7F2CDEDB-CC1B-4771-8A19-D15EFCA65EB5} = {75D46C77-3E49-4C9F-BB15-BE1FB837BDA4}
		{70458681-750A-44FA-B7A1-E6D25F0A3C24} = {75D46C77-3E49-4C9F-BB15-BE1FB837BDA4}
		{EE61A7BF-C3A7-4651-8D5B-64683BFB8F61} = {75D46C77-3E49-4C9F-BB15-BE1FB837BDA4}
		{693C8CC2-3A57-4AF8-B781-FD0AA80FFA74} = {75D46C77-3E49-4C9F-BB15-BE1FB837BDA4}
		{4A5DD66A-669D-4480-9904-E394F734BD7C} = {75D46C77-3E49-4C9F-BB15-BE1FB837BDA4}
		{213DACA3-9A6B-47F1-8ABF-426C19203B72} = {75D46C77-3E49-4C9F-BB15-BE1FB837BDA4}
		{57F50461-6303-4E8F-ABE1-0B06FC6F2DE2} = {75D46C77-3E49-4C9F-BB15-BE1FB837BDA4}
	EndGlobalSection
	GlobalSection(ExtensibilityGlobals) = postSolution
		SolutionGuid = {A110F80D-3B60-4FEA-B6DD-A522E68875F8}
	EndGlobalSection
	GlobalSection(TeamFoundationVersionControl) = preSolution
		SccNumberOfProjects = 24
		SccEnterpriseProvider = {4CA58AB2-18FA-4F8D-95D4-32DDF27D184C}
		SccTeamFoundationServer = https://dev.azure.com/docsuiteweb
		SccLocalPath0 = .
		SccProjectUniqueName1 = Modules\\VecompSoftware.JeepService.DSWMessages\\VecompSoftware.JeepService.DSWMessages.csproj
		SccProjectTopLevelParentUniqueName1 = VecompSoftware.JeepService.sln
		SccProjectName1 = Modules/VecompSoftware.JeepService.DSWMessages
		SccLocalPath1 = Modules\\VecompSoftware.JeepService.DSWMessages
		SccProjectUniqueName2 = Modules\\VecompSoftware.JeepService.DSWProtocolJournal\\VecompSoftware.JeepService.DSWProtocolJournal.csproj
		SccProjectTopLevelParentUniqueName2 = VecompSoftware.JeepService.sln
		SccProjectName2 = Modules/VecompSoftware.JeepService.DSWProtocolJournal
		SccLocalPath2 = Modules\\VecompSoftware.JeepService.DSWProtocolJournal
		SccProjectUniqueName3 = Modules\\VecompSoftware.JeepService.PosteWeb\\VecompSoftware.JeepService.PosteWeb.csproj
		SccProjectTopLevelParentUniqueName3 = VecompSoftware.JeepService.sln
		SccProjectName3 = Modules/VecompSoftware.JeepService.PosteWeb
		SccLocalPath3 = Modules\\VecompSoftware.JeepService.PosteWeb
		SccProjectUniqueName4 = Modules\\VecompSoftware.JeepService.CollegioSindacaleTorino\\VecompSoftware.JeepService.CollegioSindacaleTorino.csproj
		SccProjectTopLevelParentUniqueName4 = VecompSoftware.JeepService.sln
		SccProjectName4 = Modules/VecompSoftware.JeepService.CollegioSindacaleTorino
		SccLocalPath4 = Modules\\VecompSoftware.JeepService.CollegioSindacaleTorino
		SccProjectUniqueName5 = Modules\\VecompSoftware.JeepService.Pec\\VecompSoftware.JeepService.Pec.csproj
		SccProjectTopLevelParentUniqueName5 = VecompSoftware.JeepService.sln
		SccProjectName5 = Modules/VecompSoftware.JeepService.Pec
		SccLocalPath5 = Modules\\VecompSoftware.JeepService.Pec
		SccProjectUniqueName6 = Tools\\VecompSoftware.GenericMailSender\\VecompSoftware.GenericMailSender.csproj
		SccProjectTopLevelParentUniqueName6 = VecompSoftware.JeepService.sln
		SccProjectName6 = Tools/VecompSoftware.GenericMailSender
		SccLocalPath6 = Tools\\VecompSoftware.GenericMailSender
		SccProjectUniqueName7 = Modules\\VecompSoftware.JeepService.CleanFolders\\VecompSoftware.JeepService.CleanFolders.csproj
		SccProjectTopLevelParentUniqueName7 = VecompSoftware.JeepService.sln
		SccProjectName7 = Modules/VecompSoftware.JeepService.CleanFolders
		SccLocalPath7 = Modules\\VecompSoftware.JeepService.CleanFolders
		SccProjectUniqueName8 = Tools\\VecompSoftware.MailManager\\VecompSoftware.MailManager.csproj
		SccProjectTopLevelParentUniqueName8 = VecompSoftware.JeepService.sln
		SccProjectName8 = Tools/VecompSoftware.MailManager
		SccLocalPath8 = Tools\\VecompSoftware.MailManager
		SccProjectUniqueName9 = Tools\\VecompSoftware.JeepService.SignEngineFacade\\VecompSoftware.JeepService.SignEngine.csproj
		SccProjectTopLevelParentUniqueName9 = VecompSoftware.JeepService.sln
		SccProjectName9 = Tools/VecompSoftware.JeepService.SignEngineFacade
		SccLocalPath9 = Tools\\VecompSoftware.JeepService.SignEngineFacade
		SccProjectUniqueName10 = Tools\\VecompSoftware.JeepService.Common\\VecompSoftware.JeepService.Common.csproj
		SccProjectTopLevelParentUniqueName10 = VecompSoftware.JeepService.sln
		SccProjectName10 = Tools/VecompSoftware.JeepService.Common
		SccLocalPath10 = Tools\\VecompSoftware.JeepService.Common
		SccProjectUniqueName11 = Service\\JeepService\\VecompSoftware.JeepService.csproj
		SccProjectTopLevelParentUniqueName11 = VecompSoftware.JeepService.sln
		SccProjectName11 = Service/JeepService
		SccLocalPath11 = Service\\JeepService
		SccProjectUniqueName12 = Dashboard\\VecompSoftware.JeepDashboard\\VecompSoftware.JeepDashboard.csproj
		SccProjectTopLevelParentUniqueName12 = VecompSoftware.JeepService.sln
		SccProjectName12 = Dashboard/VecompSoftware.JeepDashboard
		SccLocalPath12 = Dashboard\\VecompSoftware.JeepDashboard
		SccProjectUniqueName13 = Modules\\VecompSoftware.JeepService.OrgDeptImporter\\VecompSoftware.JeepService.OrgDeptImporter.csproj
		SccProjectTopLevelParentUniqueName13 = VecompSoftware.JeepService.sln
		SccProjectName13 = Modules/VecompSoftware.JeepService.OrgDeptImporter
		SccLocalPath13 = Modules\\VecompSoftware.JeepService.OrgDeptImporter
		SccProjectUniqueName14 = Modules\\VecompSoftware.JeepService.BDSImporter\\VecompSoftware.JeepService.BDSImporter.csproj
		SccProjectTopLevelParentUniqueName14 = VecompSoftware.JeepService.sln
		SccProjectName14 = Modules/VecompSoftware.JeepService.BDSImporter
		SccLocalPath14 = Modules\\VecompSoftware.JeepService.BDSImporter
		SccProjectUniqueName15 = Dashboard\\Vecompsoftware.FileServer.Services\\Vecompsoftware.FileServer.Services.csproj
		SccProjectTopLevelParentUniqueName15 = VecompSoftware.JeepService.sln
		SccProjectName15 = Dashboard/Vecompsoftware.FileServer.Services
		SccLocalPath15 = Dashboard\\Vecompsoftware.FileServer.Services
		SccProjectUniqueName16 = Modules\\VecompSoftware.JeepService.AVCP\\VecompSoftware.JeepService.AVCP.csproj
		SccProjectTopLevelParentUniqueName16 = VecompSoftware.JeepService.sln
		SccProjectName16 = Modules/VecompSoftware.JeepService.AVCP
		SccLocalPath16 = Modules\\VecompSoftware.JeepService.AVCP
		SccProjectUniqueName17 = Modules\\VecompSoftware.JeepService.DSWCollaborationAlert\\VecompSoftware.JeepService.DSWCollaborationAlert.csproj
		SccProjectTopLevelParentUniqueName17 = VecompSoftware.JeepService.sln
		SccProjectName17 = Modules/VecompSoftware.JeepService.DSWCollaborationAlert
		SccLocalPath17 = Modules\\VecompSoftware.JeepService.DSWCollaborationAlert
		SccProjectUniqueName18 = Modules\\VecompSoftware.JeepService.DocSeriesImporter\\VecompSoftware.JeepService.DocSeriesImporter.csproj
		SccProjectTopLevelParentUniqueName18 = VecompSoftware.JeepService.sln
		SccProjectName18 = Modules/VecompSoftware.JeepService.DocSeriesImporter
		SccLocalPath18 = Modules\\VecompSoftware.JeepService.DocSeriesImporter
		SccProjectUniqueName19 = Modules\\VecompSoftware.JeepService.DocSeriesExporter\\VecompSoftware.JeepService.DocSeriesExporter.csproj
		SccProjectTopLevelParentUniqueName19 = VecompSoftware.JeepService.sln
		SccProjectName19 = Modules/VecompSoftware.JeepService.DocSeriesExporter
		SccLocalPath19 = Modules\\VecompSoftware.JeepService.DocSeriesExporter
		SccProjectUniqueName20 = Modules\\VecompSoftware.JeepService.SMS\\VecompSoftware.JeepService.SMS.csproj
		SccProjectTopLevelParentUniqueName20 = VecompSoftware.JeepService.sln
		SccProjectName20 = Modules/VecompSoftware.JeepService.SMS
		SccLocalPath20 = Modules\\VecompSoftware.JeepService.SMS
		SccProjectUniqueName21 = Modules\\VecompSoftware.JeepService.ResolutionImporter\\VecompSoftware.JeepService.ResolutionImporter.csproj
		SccProjectTopLevelParentUniqueName21 = VecompSoftware.JeepService.sln
		SccProjectName21 = Modules/VecompSoftware.JeepService.ResolutionImporter
		SccLocalPath21 = Modules\\VecompSoftware.JeepService.ResolutionImporter
		SccProjectUniqueName22 = Modules\\VecompSoftware.JeepService.ResolutionWorkflowManager\\VecompSoftware.JeepService.ResolutionWorkflowManager.csproj
		SccProjectTopLevelParentUniqueName22 = VecompSoftware.JeepService.sln
		SccProjectName22 = Modules/VecompSoftware.JeepService.ResolutionWorkflowManager
		SccLocalPath22 = Modules\\VecompSoftware.JeepService.ResolutionWorkflowManager
		SccProjectUniqueName23 = Modules\\VecompSoftware.JeepService.LogConservation\\VecompSoftware.JeepService.LogConservation.csproj
		SccProjectTopLevelParentUniqueName23 = VecompSoftware.JeepService.sln
		SccProjectName23 = Modules/VecompSoftware.JeepService.LogConservation
		SccLocalPath23 = Modules\\VecompSoftware.JeepService.LogConservation
	EndGlobalSection
EndGlobal
