
Microsoft Visual Studio Solution File, Format Version 12.00
# Visual Studio 15
VisualStudioVersion = 15.0.27428.2011
MinimumVisualStudioVersion = 10.0.40219.1
Project("{FAE04EC0-301F-11D3-BF4B-00C04F79EFBC}") = "VecompSoftware.StampaConforme", "StampaConforme\VecompSoftware.StampaConforme.csproj", "{D3A392CA-2028-46AE-B8E0-5F9D0B1B7757}"
EndProject
Project("{FAE04EC0-301F-11D3-BF4B-00C04F79EFBC}") = "BiblosDS.WCF.StampaConforme.Converter", "BiblosDS.WCF.StampaConforme.Converter\BiblosDS.WCF.StampaConforme.Converter.csproj", "{9F48BB69-6029-44B2-A7BE-B6C4C5F0DF1D}"
EndProject
Project("{FAE04EC0-301F-11D3-BF4B-00C04F79EFBC}") = "BiblosDS.WindowsService.StampaConforme.Office.Converter", "BiblosDS.WindowsService.StampaConforme.Office.Converter\BiblosDS.WindowsService.StampaConforme.Office.Converter.csproj", "{0E691927-F0E2-4084-BF0B-CFAD1C43AB11}"
EndProject
Project("{FAE04EC0-301F-11D3-BF4B-00C04F79EFBC}") = "BiblosDS.WindowsService.StampaConforme.OpenOffice.Converter", "BiblosDS.WindowsService.WCFStampaConformeConverterHost\BiblosDS.WindowsService.StampaConforme.OpenOffice.Converter.csproj", "{5683B4A1-2B1D-4075-B21E-91B3298CBF4B}"
EndProject
Project("{FAE04EC0-301F-11D3-BF4B-00C04F79EFBC}") = "BiblosDS.Library.Common.StampaConforme", "BiblosDS.Library.Common.StampaConforme\BiblosDS.Library.Common.StampaConforme.csproj", "{C588BA60-984B-429A-A491-267B3F13E5B5}"
EndProject
Project("{FAE04EC0-301F-11D3-BF4B-00C04F79EFBC}") = "BiblosDS.Library.Common.Converter.OpenOffice", "BiblosDS.Library.Common.Converter.OpenOffice\BiblosDS.Library.Common.Converter.OpenOffice.csproj", "{A8C91608-63F6-46A0-BB31-E493D6349DA1}"
EndProject
Project("{FAE04EC0-301F-11D3-BF4B-00C04F79EFBC}") = "BiblosDS.Library.Common.Converter.Office", "BiblosDS.Library.Common.Converter.Office\BiblosDS.Library.Common.Converter.Office.csproj", "{B361A824-5544-46B9-ADA7-398CD667F774}"
EndProject
Project("{FAE04EC0-301F-11D3-BF4B-00C04F79EFBC}") = "VecompSoftware.CompEd", "VecompSoftware.CompEd\VecompSoftware.CompEd.csproj", "{229661D4-D040-4BC4-B4D2-BFD7A6170935}"
EndProject
Project("{FAE04EC0-301F-11D3-BF4B-00C04F79EFBC}") = "VecompSoftware.GhostscriptSharp", "VecompSoftware.GhostScriptSharp\VecompSoftware.GhostscriptSharp.csproj", "{04588831-5BD4-42E9-8190-6E3430043FD8}"
EndProject
Project("{FAE04EC0-301F-11D3-BF4B-00C04F79EFBC}") = "VecompSoftware.MagickNET", "VecompSoftware.MagickNET\VecompSoftware.MagickNET.csproj", "{103C01FD-F7E7-4B74-85A3-E00AC7C0B653}"
EndProject
Project("{FAE04EC0-301F-11D3-BF4B-00C04F79EFBC}") = "VecompSoftware.MagicNumber", "VecompSoftware.MagicNumber\VecompSoftware.MagicNumber.csproj", "{EB3904A7-F5E9-41CB-AE91-D81DC015CF78}"
EndProject
Project("{2150E333-8FDC-42A3-9474-1A3956D46DE8}") = "ApplicationCore", "ApplicationCore", "{F2075DB8-ADE6-4F77-A2F0-F3701609BA72}"
EndProject
Project("{2150E333-8FDC-42A3-9474-1A3956D46DE8}") = "Infrastructure", "Infrastructure", "{B668FBEB-5C73-4D91-9CA0-01679D9BEC8C}"
EndProject
Project("{FAE04EC0-301F-11D3-BF4B-00C04F79EFBC}") = "VecompSoftware.StampaConforme.Interfaces.Office", "VecompSoftware.StampaConforme.Interfaces.Office\VecompSoftware.StampaConforme.Interfaces.Office.csproj", "{F0DEAB21-B095-46B7-AE17-12A4384D11F2}"
EndProject
Project("{FAE04EC0-301F-11D3-BF4B-00C04F79EFBC}") = "VecompSoftware.StampaConforme.Services.Office", "VecompSoftware.StampaConforme.Services.Office\VecompSoftware.StampaConforme.Services.Office.csproj", "{E476086D-1095-4711-8359-76B418F6F984}"
	ProjectSection(ProjectDependencies) = postProject
		{D3A392CA-2028-46AE-B8E0-5F9D0B1B7757} = {D3A392CA-2028-46AE-B8E0-5F9D0B1B7757}
	EndProjectSection
EndProject
Project("{FAE04EC0-301F-11D3-BF4B-00C04F79EFBC}") = "VecompSoftware.StampaConforme.Interfaces.Common", "VecompSoftware.StampaConforme.Interfaces.Common\VecompSoftware.StampaConforme.Interfaces.Common.csproj", "{98096569-326D-452C-97F2-FFD6FF7F4FA2}"
EndProject
Project("{FAE04EC0-301F-11D3-BF4B-00C04F79EFBC}") = "VecompSoftware.StampaConforme.Models", "VecompSoftware.StampaConforme.Models\VecompSoftware.StampaConforme.Models.csproj", "{8263D33B-0BBD-4369-BA90-D08D807BBC0A}"
EndProject
Project("{2150E333-8FDC-42A3-9474-1A3956D46DE8}") = "ExternalLibs", "ExternalLibs", "{2FCB6AF4-38D8-4E46-A624-A03D81795AA3}"
EndProject
Project("{2150E333-8FDC-42A3-9474-1A3956D46DE8}") = "GhostscriptSharp", "GhostscriptSharp", "{DF8763A3-48C6-49CB-BDAC-8B47689CBA8E}"
	ProjectSection(SolutionItems) = preProject
		ExternalLibs\GhostscriptSharp\GhostscriptSharp.dll = ExternalLibs\GhostscriptSharp\GhostscriptSharp.dll
	EndProjectSection
EndProject
Project("{FAE04EC0-301F-11D3-BF4B-00C04F79EFBC}") = "VecompSoftware.Commons.CompEd", "VecompSoftware.Commons.CompEd\VecompSoftware.Commons.CompEd.csproj", "{296B2D42-BE61-423F-8525-5CD8C8BF1677}"
EndProject
Project("{FAE04EC0-301F-11D3-BF4B-00C04F79EFBC}") = "VecompSoftware.Commons.Configuration", "VecompSoftware.Commons.Configuration\VecompSoftware.Commons.Configuration.csproj", "{F7BF068E-D880-44AE-8049-9959B810E053}"
EndProject
Project("{FAE04EC0-301F-11D3-BF4B-00C04F79EFBC}") = "VecompSoftware.StampaConforme.Services.DOU", "VecompSoftware.StampaConforme.Services.DOU\VecompSoftware.StampaConforme.Services.DOU.csproj", "{7603DD86-8EC0-43CB-8127-426B12C0A318}"
EndProject
Project("{2150E333-8FDC-42A3-9474-1A3956D46DE8}") = "Test", "Test", "{4B988316-5CC0-4A7F-A18B-7FC0BC2FEBBC}"
EndProject
Project("{FAE04EC0-301F-11D3-BF4B-00C04F79EFBC}") = "VecompSoftware.StampaConforme.Services.Office.Test", "VecompSoftware.StampaConforme.Services.Office.Test\VecompSoftware.StampaConforme.Services.Office.Test.csproj", "{F0FD278D-EF81-48DB-B2D3-1E2C6AE6067F}"
EndProject
Project("{FAE04EC0-301F-11D3-BF4B-00C04F79EFBC}") = "VecompSoftware.Helpers.iTextSharp", "VecompSoftware.Helpers.iTextSharp\VecompSoftware.Helpers.iTextSharp.csproj", "{EE1F25AF-AC21-4E9F-95D4-3AF15C85FE34}"
EndProject
Project("{FAE04EC0-301F-11D3-BF4B-00C04F79EFBC}") = "VecompSoftware.Helpers.Reporting", "VecompSoftware.Helpers.Reporting\VecompSoftware.Helpers.Reporting.csproj", "{AB23B5AA-26FB-4AD2-B9C1-4EEB1487CD4B}"
EndProject
Project("{FAE04EC0-301F-11D3-BF4B-00C04F79EFBC}") = "VecompSoftware.Services.Reporting", "VecompSoftware.Services.Reporting\VecompSoftware.Services.Reporting.csproj", "{9B9C7C05-7D43-4DD6-9A92-C8EB1B3D32D2}"
EndProject
Project("{2150E333-8FDC-42A3-9474-1A3956D46DE8}") = "Presentation", "Presentation", "{A6C7F429-1602-4843-8C6F-557B13B8FE66}"
EndProject
Project("{FAE04EC0-301F-11D3-BF4B-00C04F79EFBC}") = "VecompSoftware.StampaConforme.Common", "VecompSoftware.StampaConforme.Common\VecompSoftware.StampaConforme.Common.csproj", "{9327D00F-F74B-47DD-99B1-D87C6FC192A5}"
EndProject
Project("{FAE04EC0-301F-11D3-BF4B-00C04F79EFBC}") = "VecompSoftware.StampaConforme.Services.Common", "VecompSoftware.StampaConforme.Services.Common\VecompSoftware.StampaConforme.Services.Common.csproj", "{20BC2C73-C60F-4643-B207-183440A410A6}"
EndProject
Project("{FAE04EC0-301F-11D3-BF4B-00C04F79EFBC}") = "VecompSoftware.StampaConforme.Converter.Common", "VecompSoftware.StampaConforme.Converter.Common\VecompSoftware.StampaConforme.Converter.Common.csproj", "{7C82B7D1-A390-4AF7-BFAE-F1777C1AD703}"
EndProject
Project("{FAE04EC0-301F-11D3-BF4B-00C04F79EFBC}") = "VecompSoftware.StampaConforme.Converter.iTextSharp", "VecompSoftware.StampaConforme.Converter.iTextSharp\VecompSoftware.StampaConforme.Converter.iTextSharp.csproj", "{5BD08A11-D4FE-4775-8460-2050647BA38F}"
EndProject
Global
	GlobalSection(SolutionConfigurationPlatforms) = preSolution
		Debug|Any CPU = Debug|Any CPU
		Debug|Itanium = Debug|Itanium
		Debug|x86 = Debug|x86
		Release|Any CPU = Release|Any CPU
		Release|Itanium = Release|Itanium
		Release|x86 = Release|x86
	EndGlobalSection
	GlobalSection(ProjectConfigurationPlatforms) = postSolution
		{D3A392CA-2028-46AE-B8E0-5F9D0B1B7757}.Debug|Any CPU.ActiveCfg = Debug|Any CPU
		{D3A392CA-2028-46AE-B8E0-5F9D0B1B7757}.Debug|Any CPU.Build.0 = Debug|Any CPU
		{D3A392CA-2028-46AE-B8E0-5F9D0B1B7757}.Debug|Itanium.ActiveCfg = Debug|Any CPU
		{D3A392CA-2028-46AE-B8E0-5F9D0B1B7757}.Debug|Itanium.Build.0 = Debug|Any CPU
		{D3A392CA-2028-46AE-B8E0-5F9D0B1B7757}.Debug|x86.ActiveCfg = Debug|Any CPU
		{D3A392CA-2028-46AE-B8E0-5F9D0B1B7757}.Debug|x86.Build.0 = Debug|Any CPU
		{D3A392CA-2028-46AE-B8E0-5F9D0B1B7757}.Release|Any CPU.ActiveCfg = Release|Any CPU
		{D3A392CA-2028-46AE-B8E0-5F9D0B1B7757}.Release|Any CPU.Build.0 = Release|Any CPU
		{D3A392CA-2028-46AE-B8E0-5F9D0B1B7757}.Release|Itanium.ActiveCfg = Release|Any CPU
		{D3A392CA-2028-46AE-B8E0-5F9D0B1B7757}.Release|Itanium.Build.0 = Release|Any CPU
		{D3A392CA-2028-46AE-B8E0-5F9D0B1B7757}.Release|x86.ActiveCfg = Release|Any CPU
		{D3A392CA-2028-46AE-B8E0-5F9D0B1B7757}.Release|x86.Build.0 = Release|Any CPU
		{9F48BB69-6029-44B2-A7BE-B6C4C5F0DF1D}.Debug|Any CPU.ActiveCfg = Debug|Any CPU
		{9F48BB69-6029-44B2-A7BE-B6C4C5F0DF1D}.Debug|Any CPU.Build.0 = Debug|Any CPU
		{9F48BB69-6029-44B2-A7BE-B6C4C5F0DF1D}.Debug|Itanium.ActiveCfg = Debug|Any CPU
		{9F48BB69-6029-44B2-A7BE-B6C4C5F0DF1D}.Debug|Itanium.Build.0 = Debug|Any CPU
		{9F48BB69-6029-44B2-A7BE-B6C4C5F0DF1D}.Debug|x86.ActiveCfg = Debug|Any CPU
		{9F48BB69-6029-44B2-A7BE-B6C4C5F0DF1D}.Debug|x86.Build.0 = Debug|Any CPU
		{9F48BB69-6029-44B2-A7BE-B6C4C5F0DF1D}.Release|Any CPU.ActiveCfg = Release|Any CPU
		{9F48BB69-6029-44B2-A7BE-B6C4C5F0DF1D}.Release|Any CPU.Build.0 = Release|Any CPU
		{9F48BB69-6029-44B2-A7BE-B6C4C5F0DF1D}.Release|Itanium.ActiveCfg = Release|Any CPU
		{9F48BB69-6029-44B2-A7BE-B6C4C5F0DF1D}.Release|Itanium.Build.0 = Release|Any CPU
		{9F48BB69-6029-44B2-A7BE-B6C4C5F0DF1D}.Release|x86.ActiveCfg = Release|Any CPU
		{9F48BB69-6029-44B2-A7BE-B6C4C5F0DF1D}.Release|x86.Build.0 = Release|Any CPU
		{0E691927-F0E2-4084-BF0B-CFAD1C43AB11}.Debug|Any CPU.ActiveCfg = Debug|x86
		{0E691927-F0E2-4084-BF0B-CFAD1C43AB11}.Debug|Any CPU.Build.0 = Debug|x86
		{0E691927-F0E2-4084-BF0B-CFAD1C43AB11}.Debug|Itanium.ActiveCfg = Debug|x86
		{0E691927-F0E2-4084-BF0B-CFAD1C43AB11}.Debug|x86.ActiveCfg = Debug|x86
		{0E691927-F0E2-4084-BF0B-CFAD1C43AB11}.Debug|x86.Build.0 = Debug|x86
		{0E691927-F0E2-4084-BF0B-CFAD1C43AB11}.Release|Any CPU.ActiveCfg = Release|x86
		{0E691927-F0E2-4084-BF0B-CFAD1C43AB11}.Release|Any CPU.Build.0 = Release|x86
		{0E691927-F0E2-4084-BF0B-CFAD1C43AB11}.Release|Itanium.ActiveCfg = Release|x86
		{0E691927-F0E2-4084-BF0B-CFAD1C43AB11}.Release|x86.ActiveCfg = Release|x86
		{0E691927-F0E2-4084-BF0B-CFAD1C43AB11}.Release|x86.Build.0 = Release|x86
		{5683B4A1-2B1D-4075-B21E-91B3298CBF4B}.Debug|Any CPU.ActiveCfg = Debug|x86
		{5683B4A1-2B1D-4075-B21E-91B3298CBF4B}.Debug|Any CPU.Build.0 = Debug|x86
		{5683B4A1-2B1D-4075-B21E-91B3298CBF4B}.Debug|Itanium.ActiveCfg = Debug|x86
		{5683B4A1-2B1D-4075-B21E-91B3298CBF4B}.Debug|x86.ActiveCfg = Debug|x86
		{5683B4A1-2B1D-4075-B21E-91B3298CBF4B}.Debug|x86.Build.0 = Debug|x86
		{5683B4A1-2B1D-4075-B21E-91B3298CBF4B}.Release|Any CPU.ActiveCfg = Release|x86
		{5683B4A1-2B1D-4075-B21E-91B3298CBF4B}.Release|Any CPU.Build.0 = Release|x86
		{5683B4A1-2B1D-4075-B21E-91B3298CBF4B}.Release|Itanium.ActiveCfg = Release|x86
		{5683B4A1-2B1D-4075-B21E-91B3298CBF4B}.Release|x86.ActiveCfg = Release|x86
		{5683B4A1-2B1D-4075-B21E-91B3298CBF4B}.Release|x86.Build.0 = Release|x86
		{C588BA60-984B-429A-A491-267B3F13E5B5}.Debug|Any CPU.ActiveCfg = Debug|Any CPU
		{C588BA60-984B-429A-A491-267B3F13E5B5}.Debug|Any CPU.Build.0 = Debug|Any CPU
		{C588BA60-984B-429A-A491-267B3F13E5B5}.Debug|Itanium.ActiveCfg = Debug|Any CPU
		{C588BA60-984B-429A-A491-267B3F13E5B5}.Debug|Itanium.Build.0 = Debug|Any CPU
		{C588BA60-984B-429A-A491-267B3F13E5B5}.Debug|x86.ActiveCfg = Debug|Any CPU
		{C588BA60-984B-429A-A491-267B3F13E5B5}.Debug|x86.Build.0 = Debug|Any CPU
		{C588BA60-984B-429A-A491-267B3F13E5B5}.Release|Any CPU.ActiveCfg = Release|Any CPU
		{C588BA60-984B-429A-A491-267B3F13E5B5}.Release|Any CPU.Build.0 = Release|Any CPU
		{C588BA60-984B-429A-A491-267B3F13E5B5}.Release|Itanium.ActiveCfg = Release|Any CPU
		{C588BA60-984B-429A-A491-267B3F13E5B5}.Release|Itanium.Build.0 = Release|Any CPU
		{C588BA60-984B-429A-A491-267B3F13E5B5}.Release|x86.ActiveCfg = Release|Any CPU
		{C588BA60-984B-429A-A491-267B3F13E5B5}.Release|x86.Build.0 = Release|Any CPU
		{A8C91608-63F6-46A0-BB31-E493D6349DA1}.Debug|Any CPU.ActiveCfg = Debug|Any CPU
		{A8C91608-63F6-46A0-BB31-E493D6349DA1}.Debug|Any CPU.Build.0 = Debug|Any CPU
		{A8C91608-63F6-46A0-BB31-E493D6349DA1}.Debug|Itanium.ActiveCfg = Debug|Any CPU
		{A8C91608-63F6-46A0-BB31-E493D6349DA1}.Debug|Itanium.Build.0 = Debug|Any CPU
		{A8C91608-63F6-46A0-BB31-E493D6349DA1}.Debug|x86.ActiveCfg = Debug|Any CPU
		{A8C91608-63F6-46A0-BB31-E493D6349DA1}.Debug|x86.Build.0 = Debug|Any CPU
		{A8C91608-63F6-46A0-BB31-E493D6349DA1}.Release|Any CPU.ActiveCfg = Release|Any CPU
		{A8C91608-63F6-46A0-BB31-E493D6349DA1}.Release|Any CPU.Build.0 = Release|Any CPU
		{A8C91608-63F6-46A0-BB31-E493D6349DA1}.Release|Itanium.ActiveCfg = Release|Any CPU
		{A8C91608-63F6-46A0-BB31-E493D6349DA1}.Release|Itanium.Build.0 = Release|Any CPU
		{A8C91608-63F6-46A0-BB31-E493D6349DA1}.Release|x86.ActiveCfg = Release|Any CPU
		{A8C91608-63F6-46A0-BB31-E493D6349DA1}.Release|x86.Build.0 = Release|Any CPU
		{B361A824-5544-46B9-ADA7-398CD667F774}.Debug|Any CPU.ActiveCfg = Debug|Any CPU
		{B361A824-5544-46B9-ADA7-398CD667F774}.Debug|Any CPU.Build.0 = Debug|Any CPU
		{B361A824-5544-46B9-ADA7-398CD667F774}.Debug|Itanium.ActiveCfg = Debug|Any CPU
		{B361A824-5544-46B9-ADA7-398CD667F774}.Debug|Itanium.Build.0 = Debug|Any CPU
		{B361A824-5544-46B9-ADA7-398CD667F774}.Debug|x86.ActiveCfg = Debug|Any CPU
		{B361A824-5544-46B9-ADA7-398CD667F774}.Debug|x86.Build.0 = Debug|Any CPU
		{B361A824-5544-46B9-ADA7-398CD667F774}.Release|Any CPU.ActiveCfg = Release|Any CPU
		{B361A824-5544-46B9-ADA7-398CD667F774}.Release|Any CPU.Build.0 = Release|Any CPU
		{B361A824-5544-46B9-ADA7-398CD667F774}.Release|Itanium.ActiveCfg = Release|Any CPU
		{B361A824-5544-46B9-ADA7-398CD667F774}.Release|Itanium.Build.0 = Release|Any CPU
		{B361A824-5544-46B9-ADA7-398CD667F774}.Release|x86.ActiveCfg = Release|Any CPU
		{B361A824-5544-46B9-ADA7-398CD667F774}.Release|x86.Build.0 = Release|Any CPU
		{229661D4-D040-4BC4-B4D2-BFD7A6170935}.Debug|Any CPU.ActiveCfg = Debug|Any CPU
		{229661D4-D040-4BC4-B4D2-BFD7A6170935}.Debug|Any CPU.Build.0 = Debug|Any CPU
		{229661D4-D040-4BC4-B4D2-BFD7A6170935}.Debug|Itanium.ActiveCfg = Debug|Any CPU
		{229661D4-D040-4BC4-B4D2-BFD7A6170935}.Debug|Itanium.Build.0 = Debug|Any CPU
		{229661D4-D040-4BC4-B4D2-BFD7A6170935}.Debug|x86.ActiveCfg = Debug|Any CPU
		{229661D4-D040-4BC4-B4D2-BFD7A6170935}.Debug|x86.Build.0 = Debug|Any CPU
		{229661D4-D040-4BC4-B4D2-BFD7A6170935}.Release|Any CPU.ActiveCfg = Release|Any CPU
		{229661D4-D040-4BC4-B4D2-BFD7A6170935}.Release|Any CPU.Build.0 = Release|Any CPU
		{229661D4-D040-4BC4-B4D2-BFD7A6170935}.Release|Itanium.ActiveCfg = Release|Any CPU
		{229661D4-D040-4BC4-B4D2-BFD7A6170935}.Release|Itanium.Build.0 = Release|Any CPU
		{229661D4-D040-4BC4-B4D2-BFD7A6170935}.Release|x86.ActiveCfg = Release|Any CPU
		{229661D4-D040-4BC4-B4D2-BFD7A6170935}.Release|x86.Build.0 = Release|Any CPU
		{04588831-5BD4-42E9-8190-6E3430043FD8}.Debug|Any CPU.ActiveCfg = Debug|Any CPU
		{04588831-5BD4-42E9-8190-6E3430043FD8}.Debug|Any CPU.Build.0 = Debug|Any CPU
		{04588831-5BD4-42E9-8190-6E3430043FD8}.Debug|Itanium.ActiveCfg = Debug|Any CPU
		{04588831-5BD4-42E9-8190-6E3430043FD8}.Debug|Itanium.Build.0 = Debug|Any CPU
		{04588831-5BD4-42E9-8190-6E3430043FD8}.Debug|x86.ActiveCfg = Debug|x86
		{04588831-5BD4-42E9-8190-6E3430043FD8}.Debug|x86.Build.0 = Debug|x86
		{04588831-5BD4-42E9-8190-6E3430043FD8}.Release|Any CPU.ActiveCfg = Release|Any CPU
		{04588831-5BD4-42E9-8190-6E3430043FD8}.Release|Any CPU.Build.0 = Release|Any CPU
		{04588831-5BD4-42E9-8190-6E3430043FD8}.Release|Itanium.ActiveCfg = Release|Any CPU
		{04588831-5BD4-42E9-8190-6E3430043FD8}.Release|Itanium.Build.0 = Release|Any CPU
		{04588831-5BD4-42E9-8190-6E3430043FD8}.Release|x86.ActiveCfg = Release|x86
		{04588831-5BD4-42E9-8190-6E3430043FD8}.Release|x86.Build.0 = Release|x86
		{103C01FD-F7E7-4B74-85A3-E00AC7C0B653}.Debug|Any CPU.ActiveCfg = Debug|Any CPU
		{103C01FD-F7E7-4B74-85A3-E00AC7C0B653}.Debug|Any CPU.Build.0 = Debug|Any CPU
		{103C01FD-F7E7-4B74-85A3-E00AC7C0B653}.Debug|Itanium.ActiveCfg = Debug|Any CPU
		{103C01FD-F7E7-4B74-85A3-E00AC7C0B653}.Debug|Itanium.Build.0 = Debug|Any CPU
		{103C01FD-F7E7-4B74-85A3-E00AC7C0B653}.Debug|x86.ActiveCfg = Debug|Any CPU
		{103C01FD-F7E7-4B74-85A3-E00AC7C0B653}.Debug|x86.Build.0 = Debug|Any CPU
		{103C01FD-F7E7-4B74-85A3-E00AC7C0B653}.Release|Any CPU.ActiveCfg = Release|Any CPU
		{103C01FD-F7E7-4B74-85A3-E00AC7C0B653}.Release|Any CPU.Build.0 = Release|Any CPU
		{103C01FD-F7E7-4B74-85A3-E00AC7C0B653}.Release|Itanium.ActiveCfg = Release|Any CPU
		{103C01FD-F7E7-4B74-85A3-E00AC7C0B653}.Release|Itanium.Build.0 = Release|Any CPU
		{103C01FD-F7E7-4B74-85A3-E00AC7C0B653}.Release|x86.ActiveCfg = Release|Any CPU
		{103C01FD-F7E7-4B74-85A3-E00AC7C0B653}.Release|x86.Build.0 = Release|Any CPU
		{EB3904A7-F5E9-41CB-AE91-D81DC015CF78}.Debug|Any CPU.ActiveCfg = Debug|Any CPU
		{EB3904A7-F5E9-41CB-AE91-D81DC015CF78}.Debug|Any CPU.Build.0 = Debug|Any CPU
		{EB3904A7-F5E9-41CB-AE91-D81DC015CF78}.Debug|Itanium.ActiveCfg = Debug|Any CPU
		{EB3904A7-F5E9-41CB-AE91-D81DC015CF78}.Debug|Itanium.Build.0 = Debug|Any CPU
		{EB3904A7-F5E9-41CB-AE91-D81DC015CF78}.Debug|x86.ActiveCfg = Debug|Any CPU
		{EB3904A7-F5E9-41CB-AE91-D81DC015CF78}.Debug|x86.Build.0 = Debug|Any CPU
		{EB3904A7-F5E9-41CB-AE91-D81DC015CF78}.Release|Any CPU.ActiveCfg = Release|Any CPU
		{EB3904A7-F5E9-41CB-AE91-D81DC015CF78}.Release|Any CPU.Build.0 = Release|Any CPU
		{EB3904A7-F5E9-41CB-AE91-D81DC015CF78}.Release|Itanium.ActiveCfg = Release|Any CPU
		{EB3904A7-F5E9-41CB-AE91-D81DC015CF78}.Release|Itanium.Build.0 = Release|Any CPU
		{EB3904A7-F5E9-41CB-AE91-D81DC015CF78}.Release|x86.ActiveCfg = Release|Any CPU
		{EB3904A7-F5E9-41CB-AE91-D81DC015CF78}.Release|x86.Build.0 = Release|Any CPU
		{F0DEAB21-B095-46B7-AE17-12A4384D11F2}.Debug|Any CPU.ActiveCfg = Debug|Any CPU
		{F0DEAB21-B095-46B7-AE17-12A4384D11F2}.Debug|Any CPU.Build.0 = Debug|Any CPU
		{F0DEAB21-B095-46B7-AE17-12A4384D11F2}.Debug|Itanium.ActiveCfg = Debug|Any CPU
		{F0DEAB21-B095-46B7-AE17-12A4384D11F2}.Debug|Itanium.Build.0 = Debug|Any CPU
		{F0DEAB21-B095-46B7-AE17-12A4384D11F2}.Debug|x86.ActiveCfg = Debug|Any CPU
		{F0DEAB21-B095-46B7-AE17-12A4384D11F2}.Debug|x86.Build.0 = Debug|Any CPU
		{F0DEAB21-B095-46B7-AE17-12A4384D11F2}.Release|Any CPU.ActiveCfg = Release|Any CPU
		{F0DEAB21-B095-46B7-AE17-12A4384D11F2}.Release|Any CPU.Build.0 = Release|Any CPU
		{F0DEAB21-B095-46B7-AE17-12A4384D11F2}.Release|Itanium.ActiveCfg = Release|Any CPU
		{F0DEAB21-B095-46B7-AE17-12A4384D11F2}.Release|Itanium.Build.0 = Release|Any CPU
		{F0DEAB21-B095-46B7-AE17-12A4384D11F2}.Release|x86.ActiveCfg = Release|Any CPU
		{F0DEAB21-B095-46B7-AE17-12A4384D11F2}.Release|x86.Build.0 = Release|Any CPU
		{E476086D-1095-4711-8359-76B418F6F984}.Debug|Any CPU.ActiveCfg = Debug|Any CPU
		{E476086D-1095-4711-8359-76B418F6F984}.Debug|Any CPU.Build.0 = Debug|Any CPU
		{E476086D-1095-4711-8359-76B418F6F984}.Debug|Itanium.ActiveCfg = Debug|Any CPU
		{E476086D-1095-4711-8359-76B418F6F984}.Debug|Itanium.Build.0 = Debug|Any CPU
		{E476086D-1095-4711-8359-76B418F6F984}.Debug|x86.ActiveCfg = Debug|Any CPU
		{E476086D-1095-4711-8359-76B418F6F984}.Debug|x86.Build.0 = Debug|Any CPU
		{E476086D-1095-4711-8359-76B418F6F984}.Release|Any CPU.ActiveCfg = Release|Any CPU
		{E476086D-1095-4711-8359-76B418F6F984}.Release|Any CPU.Build.0 = Release|Any CPU
		{E476086D-1095-4711-8359-76B418F6F984}.Release|Itanium.ActiveCfg = Release|Any CPU
		{E476086D-1095-4711-8359-76B418F6F984}.Release|Itanium.Build.0 = Release|Any CPU
		{E476086D-1095-4711-8359-76B418F6F984}.Release|x86.ActiveCfg = Release|Any CPU
		{E476086D-1095-4711-8359-76B418F6F984}.Release|x86.Build.0 = Release|Any CPU
		{98096569-326D-452C-97F2-FFD6FF7F4FA2}.Debug|Any CPU.ActiveCfg = Debug|Any CPU
		{98096569-326D-452C-97F2-FFD6FF7F4FA2}.Debug|Any CPU.Build.0 = Debug|Any CPU
		{98096569-326D-452C-97F2-FFD6FF7F4FA2}.Debug|Itanium.ActiveCfg = Debug|Any CPU
		{98096569-326D-452C-97F2-FFD6FF7F4FA2}.Debug|Itanium.Build.0 = Debug|Any CPU
		{98096569-326D-452C-97F2-FFD6FF7F4FA2}.Debug|x86.ActiveCfg = Debug|Any CPU
		{98096569-326D-452C-97F2-FFD6FF7F4FA2}.Debug|x86.Build.0 = Debug|Any CPU
		{98096569-326D-452C-97F2-FFD6FF7F4FA2}.Release|Any CPU.ActiveCfg = Release|Any CPU
		{98096569-326D-452C-97F2-FFD6FF7F4FA2}.Release|Any CPU.Build.0 = Release|Any CPU
		{98096569-326D-452C-97F2-FFD6FF7F4FA2}.Release|Itanium.ActiveCfg = Release|Any CPU
		{98096569-326D-452C-97F2-FFD6FF7F4FA2}.Release|Itanium.Build.0 = Release|Any CPU
		{98096569-326D-452C-97F2-FFD6FF7F4FA2}.Release|x86.ActiveCfg = Release|Any CPU
		{98096569-326D-452C-97F2-FFD6FF7F4FA2}.Release|x86.Build.0 = Release|Any CPU
		{8263D33B-0BBD-4369-BA90-D08D807BBC0A}.Debug|Any CPU.ActiveCfg = Debug|Any CPU
		{8263D33B-0BBD-4369-BA90-D08D807BBC0A}.Debug|Any CPU.Build.0 = Debug|Any CPU
		{8263D33B-0BBD-4369-BA90-D08D807BBC0A}.Debug|Itanium.ActiveCfg = Debug|Any CPU
		{8263D33B-0BBD-4369-BA90-D08D807BBC0A}.Debug|Itanium.Build.0 = Debug|Any CPU
		{8263D33B-0BBD-4369-BA90-D08D807BBC0A}.Debug|x86.ActiveCfg = Debug|Any CPU
		{8263D33B-0BBD-4369-BA90-D08D807BBC0A}.Debug|x86.Build.0 = Debug|Any CPU
		{8263D33B-0BBD-4369-BA90-D08D807BBC0A}.Release|Any CPU.ActiveCfg = Release|Any CPU
		{8263D33B-0BBD-4369-BA90-D08D807BBC0A}.Release|Any CPU.Build.0 = Release|Any CPU
		{8263D33B-0BBD-4369-BA90-D08D807BBC0A}.Release|Itanium.ActiveCfg = Release|Any CPU
		{8263D33B-0BBD-4369-BA90-D08D807BBC0A}.Release|Itanium.Build.0 = Release|Any CPU
		{8263D33B-0BBD-4369-BA90-D08D807BBC0A}.Release|x86.ActiveCfg = Release|Any CPU
		{8263D33B-0BBD-4369-BA90-D08D807BBC0A}.Release|x86.Build.0 = Release|Any CPU
		{296B2D42-BE61-423F-8525-5CD8C8BF1677}.Debug|Any CPU.ActiveCfg = Debug|Any CPU
		{296B2D42-BE61-423F-8525-5CD8C8BF1677}.Debug|Any CPU.Build.0 = Debug|Any CPU
		{296B2D42-BE61-423F-8525-5CD8C8BF1677}.Debug|Itanium.ActiveCfg = Debug|Itanium
		{296B2D42-BE61-423F-8525-5CD8C8BF1677}.Debug|Itanium.Build.0 = Debug|Itanium
		{296B2D42-BE61-423F-8525-5CD8C8BF1677}.Debug|x86.ActiveCfg = Debug|x86
		{296B2D42-BE61-423F-8525-5CD8C8BF1677}.Debug|x86.Build.0 = Debug|x86
		{296B2D42-BE61-423F-8525-5CD8C8BF1677}.Release|Any CPU.ActiveCfg = Release|Any CPU
		{296B2D42-BE61-423F-8525-5CD8C8BF1677}.Release|Any CPU.Build.0 = Release|Any CPU
		{296B2D42-BE61-423F-8525-5CD8C8BF1677}.Release|Itanium.ActiveCfg = Release|Itanium
		{296B2D42-BE61-423F-8525-5CD8C8BF1677}.Release|Itanium.Build.0 = Release|Itanium
		{296B2D42-BE61-423F-8525-5CD8C8BF1677}.Release|x86.ActiveCfg = Release|x86
		{296B2D42-BE61-423F-8525-5CD8C8BF1677}.Release|x86.Build.0 = Release|x86
		{F7BF068E-D880-44AE-8049-9959B810E053}.Debug|Any CPU.ActiveCfg = Debug|Any CPU
		{F7BF068E-D880-44AE-8049-9959B810E053}.Debug|Any CPU.Build.0 = Debug|Any CPU
		{F7BF068E-D880-44AE-8049-9959B810E053}.Debug|Itanium.ActiveCfg = Debug|Any CPU
		{F7BF068E-D880-44AE-8049-9959B810E053}.Debug|Itanium.Build.0 = Debug|Any CPU
		{F7BF068E-D880-44AE-8049-9959B810E053}.Debug|x86.ActiveCfg = Debug|Any CPU
		{F7BF068E-D880-44AE-8049-9959B810E053}.Debug|x86.Build.0 = Debug|Any CPU
		{F7BF068E-D880-44AE-8049-9959B810E053}.Release|Any CPU.ActiveCfg = Release|Any CPU
		{F7BF068E-D880-44AE-8049-9959B810E053}.Release|Any CPU.Build.0 = Release|Any CPU
		{F7BF068E-D880-44AE-8049-9959B810E053}.Release|Itanium.ActiveCfg = Release|Any CPU
		{F7BF068E-D880-44AE-8049-9959B810E053}.Release|Itanium.Build.0 = Release|Any CPU
		{F7BF068E-D880-44AE-8049-9959B810E053}.Release|x86.ActiveCfg = Release|Any CPU
		{F7BF068E-D880-44AE-8049-9959B810E053}.Release|x86.Build.0 = Release|Any CPU
		{7603DD86-8EC0-43CB-8127-426B12C0A318}.Debug|Any CPU.ActiveCfg = Debug|Any CPU
		{7603DD86-8EC0-43CB-8127-426B12C0A318}.Debug|Any CPU.Build.0 = Debug|Any CPU
		{7603DD86-8EC0-43CB-8127-426B12C0A318}.Debug|Itanium.ActiveCfg = Debug|Any CPU
		{7603DD86-8EC0-43CB-8127-426B12C0A318}.Debug|Itanium.Build.0 = Debug|Any CPU
		{7603DD86-8EC0-43CB-8127-426B12C0A318}.Debug|x86.ActiveCfg = Debug|Any CPU
		{7603DD86-8EC0-43CB-8127-426B12C0A318}.Debug|x86.Build.0 = Debug|Any CPU
		{7603DD86-8EC0-43CB-8127-426B12C0A318}.Release|Any CPU.ActiveCfg = Release|Any CPU
		{7603DD86-8EC0-43CB-8127-426B12C0A318}.Release|Any CPU.Build.0 = Release|Any CPU
		{7603DD86-8EC0-43CB-8127-426B12C0A318}.Release|Itanium.ActiveCfg = Release|Any CPU
		{7603DD86-8EC0-43CB-8127-426B12C0A318}.Release|Itanium.Build.0 = Release|Any CPU
		{7603DD86-8EC0-43CB-8127-426B12C0A318}.Release|x86.ActiveCfg = Release|Any CPU
		{7603DD86-8EC0-43CB-8127-426B12C0A318}.Release|x86.Build.0 = Release|Any CPU
		{F0FD278D-EF81-48DB-B2D3-1E2C6AE6067F}.Debug|Any CPU.ActiveCfg = Debug|Any CPU
		{F0FD278D-EF81-48DB-B2D3-1E2C6AE6067F}.Debug|Any CPU.Build.0 = Debug|Any CPU
		{F0FD278D-EF81-48DB-B2D3-1E2C6AE6067F}.Debug|Itanium.ActiveCfg = Debug|Any CPU
		{F0FD278D-EF81-48DB-B2D3-1E2C6AE6067F}.Debug|Itanium.Build.0 = Debug|Any CPU
		{F0FD278D-EF81-48DB-B2D3-1E2C6AE6067F}.Debug|x86.ActiveCfg = Debug|Any CPU
		{F0FD278D-EF81-48DB-B2D3-1E2C6AE6067F}.Debug|x86.Build.0 = Debug|Any CPU
		{F0FD278D-EF81-48DB-B2D3-1E2C6AE6067F}.Release|Any CPU.ActiveCfg = Release|Any CPU
		{F0FD278D-EF81-48DB-B2D3-1E2C6AE6067F}.Release|Any CPU.Build.0 = Release|Any CPU
		{F0FD278D-EF81-48DB-B2D3-1E2C6AE6067F}.Release|Itanium.ActiveCfg = Release|Any CPU
		{F0FD278D-EF81-48DB-B2D3-1E2C6AE6067F}.Release|Itanium.Build.0 = Release|Any CPU
		{F0FD278D-EF81-48DB-B2D3-1E2C6AE6067F}.Release|x86.ActiveCfg = Release|Any CPU
		{F0FD278D-EF81-48DB-B2D3-1E2C6AE6067F}.Release|x86.Build.0 = Release|Any CPU
		{EE1F25AF-AC21-4E9F-95D4-3AF15C85FE34}.Debug|Any CPU.ActiveCfg = Debug|Any CPU
		{EE1F25AF-AC21-4E9F-95D4-3AF15C85FE34}.Debug|Any CPU.Build.0 = Debug|Any CPU
		{EE1F25AF-AC21-4E9F-95D4-3AF15C85FE34}.Debug|Itanium.ActiveCfg = Debug|Any CPU
		{EE1F25AF-AC21-4E9F-95D4-3AF15C85FE34}.Debug|Itanium.Build.0 = Debug|Any CPU
		{EE1F25AF-AC21-4E9F-95D4-3AF15C85FE34}.Debug|x86.ActiveCfg = Debug|x86
		{EE1F25AF-AC21-4E9F-95D4-3AF15C85FE34}.Debug|x86.Build.0 = Debug|x86
		{EE1F25AF-AC21-4E9F-95D4-3AF15C85FE34}.Release|Any CPU.ActiveCfg = Release|Any CPU
		{EE1F25AF-AC21-4E9F-95D4-3AF15C85FE34}.Release|Any CPU.Build.0 = Release|Any CPU
		{EE1F25AF-AC21-4E9F-95D4-3AF15C85FE34}.Release|Itanium.ActiveCfg = Release|Any CPU
		{EE1F25AF-AC21-4E9F-95D4-3AF15C85FE34}.Release|Itanium.Build.0 = Release|Any CPU
		{EE1F25AF-AC21-4E9F-95D4-3AF15C85FE34}.Release|x86.ActiveCfg = Release|x86
		{EE1F25AF-AC21-4E9F-95D4-3AF15C85FE34}.Release|x86.Build.0 = Release|x86
		{AB23B5AA-26FB-4AD2-B9C1-4EEB1487CD4B}.Debug|Any CPU.ActiveCfg = Debug|Any CPU
		{AB23B5AA-26FB-4AD2-B9C1-4EEB1487CD4B}.Debug|Any CPU.Build.0 = Debug|Any CPU
		{AB23B5AA-26FB-4AD2-B9C1-4EEB1487CD4B}.Debug|Itanium.ActiveCfg = Debug|Any CPU
		{AB23B5AA-26FB-4AD2-B9C1-4EEB1487CD4B}.Debug|Itanium.Build.0 = Debug|Any CPU
		{AB23B5AA-26FB-4AD2-B9C1-4EEB1487CD4B}.Debug|x86.ActiveCfg = Debug|Any CPU
		{AB23B5AA-26FB-4AD2-B9C1-4EEB1487CD4B}.Debug|x86.Build.0 = Debug|Any CPU
		{AB23B5AA-26FB-4AD2-B9C1-4EEB1487CD4B}.Release|Any CPU.ActiveCfg = Release|Any CPU
		{AB23B5AA-26FB-4AD2-B9C1-4EEB1487CD4B}.Release|Any CPU.Build.0 = Release|Any CPU
		{AB23B5AA-26FB-4AD2-B9C1-4EEB1487CD4B}.Release|Itanium.ActiveCfg = Release|Any CPU
		{AB23B5AA-26FB-4AD2-B9C1-4EEB1487CD4B}.Release|Itanium.Build.0 = Release|Any CPU
		{AB23B5AA-26FB-4AD2-B9C1-4EEB1487CD4B}.Release|x86.ActiveCfg = Release|Any CPU
		{AB23B5AA-26FB-4AD2-B9C1-4EEB1487CD4B}.Release|x86.Build.0 = Release|Any CPU
		{9B9C7C05-7D43-4DD6-9A92-C8EB1B3D32D2}.Debug|Any CPU.ActiveCfg = Debug|Any CPU
		{9B9C7C05-7D43-4DD6-9A92-C8EB1B3D32D2}.Debug|Any CPU.Build.0 = Debug|Any CPU
		{9B9C7C05-7D43-4DD6-9A92-C8EB1B3D32D2}.Debug|Itanium.ActiveCfg = Debug|Any CPU
		{9B9C7C05-7D43-4DD6-9A92-C8EB1B3D32D2}.Debug|Itanium.Build.0 = Debug|Any CPU
		{9B9C7C05-7D43-4DD6-9A92-C8EB1B3D32D2}.Debug|x86.ActiveCfg = Debug|Any CPU
		{9B9C7C05-7D43-4DD6-9A92-C8EB1B3D32D2}.Debug|x86.Build.0 = Debug|Any CPU
		{9B9C7C05-7D43-4DD6-9A92-C8EB1B3D32D2}.Release|Any CPU.ActiveCfg = Release|Any CPU
		{9B9C7C05-7D43-4DD6-9A92-C8EB1B3D32D2}.Release|Any CPU.Build.0 = Release|Any CPU
		{9B9C7C05-7D43-4DD6-9A92-C8EB1B3D32D2}.Release|Itanium.ActiveCfg = Release|Any CPU
		{9B9C7C05-7D43-4DD6-9A92-C8EB1B3D32D2}.Release|Itanium.Build.0 = Release|Any CPU
		{9B9C7C05-7D43-4DD6-9A92-C8EB1B3D32D2}.Release|x86.ActiveCfg = Release|Any CPU
		{9B9C7C05-7D43-4DD6-9A92-C8EB1B3D32D2}.Release|x86.Build.0 = Release|Any CPU
		{9327D00F-F74B-47DD-99B1-D87C6FC192A5}.Debug|Any CPU.ActiveCfg = Debug|Any CPU
		{9327D00F-F74B-47DD-99B1-D87C6FC192A5}.Debug|Any CPU.Build.0 = Debug|Any CPU
		{9327D00F-F74B-47DD-99B1-D87C6FC192A5}.Debug|Itanium.ActiveCfg = Debug|Any CPU
		{9327D00F-F74B-47DD-99B1-D87C6FC192A5}.Debug|Itanium.Build.0 = Debug|Any CPU
		{9327D00F-F74B-47DD-99B1-D87C6FC192A5}.Debug|x86.ActiveCfg = Debug|Any CPU
		{9327D00F-F74B-47DD-99B1-D87C6FC192A5}.Debug|x86.Build.0 = Debug|Any CPU
		{9327D00F-F74B-47DD-99B1-D87C6FC192A5}.Release|Any CPU.ActiveCfg = Release|Any CPU
		{9327D00F-F74B-47DD-99B1-D87C6FC192A5}.Release|Any CPU.Build.0 = Release|Any CPU
		{9327D00F-F74B-47DD-99B1-D87C6FC192A5}.Release|Itanium.ActiveCfg = Release|Any CPU
		{9327D00F-F74B-47DD-99B1-D87C6FC192A5}.Release|Itanium.Build.0 = Release|Any CPU
		{9327D00F-F74B-47DD-99B1-D87C6FC192A5}.Release|x86.ActiveCfg = Release|Any CPU
		{9327D00F-F74B-47DD-99B1-D87C6FC192A5}.Release|x86.Build.0 = Release|Any CPU
		{20BC2C73-C60F-4643-B207-183440A410A6}.Debug|Any CPU.ActiveCfg = Debug|Any CPU
		{20BC2C73-C60F-4643-B207-183440A410A6}.Debug|Any CPU.Build.0 = Debug|Any CPU
		{20BC2C73-C60F-4643-B207-183440A410A6}.Debug|Itanium.ActiveCfg = Debug|Any CPU
		{20BC2C73-C60F-4643-B207-183440A410A6}.Debug|Itanium.Build.0 = Debug|Any CPU
		{20BC2C73-C60F-4643-B207-183440A410A6}.Debug|x86.ActiveCfg = Debug|Any CPU
		{20BC2C73-C60F-4643-B207-183440A410A6}.Debug|x86.Build.0 = Debug|Any CPU
		{20BC2C73-C60F-4643-B207-183440A410A6}.Release|Any CPU.ActiveCfg = Release|Any CPU
		{20BC2C73-C60F-4643-B207-183440A410A6}.Release|Any CPU.Build.0 = Release|Any CPU
		{20BC2C73-C60F-4643-B207-183440A410A6}.Release|Itanium.ActiveCfg = Release|Any CPU
		{20BC2C73-C60F-4643-B207-183440A410A6}.Release|Itanium.Build.0 = Release|Any CPU
		{20BC2C73-C60F-4643-B207-183440A410A6}.Release|x86.ActiveCfg = Release|Any CPU
		{20BC2C73-C60F-4643-B207-183440A410A6}.Release|x86.Build.0 = Release|Any CPU
		{7C82B7D1-A390-4AF7-BFAE-F1777C1AD703}.Debug|Any CPU.ActiveCfg = Debug|Any CPU
		{7C82B7D1-A390-4AF7-BFAE-F1777C1AD703}.Debug|Any CPU.Build.0 = Debug|Any CPU
		{7C82B7D1-A390-4AF7-BFAE-F1777C1AD703}.Debug|Itanium.ActiveCfg = Debug|Any CPU
		{7C82B7D1-A390-4AF7-BFAE-F1777C1AD703}.Debug|Itanium.Build.0 = Debug|Any CPU
		{7C82B7D1-A390-4AF7-BFAE-F1777C1AD703}.Debug|x86.ActiveCfg = Debug|Any CPU
		{7C82B7D1-A390-4AF7-BFAE-F1777C1AD703}.Debug|x86.Build.0 = Debug|Any CPU
		{7C82B7D1-A390-4AF7-BFAE-F1777C1AD703}.Release|Any CPU.ActiveCfg = Release|Any CPU
		{7C82B7D1-A390-4AF7-BFAE-F1777C1AD703}.Release|Any CPU.Build.0 = Release|Any CPU
		{7C82B7D1-A390-4AF7-BFAE-F1777C1AD703}.Release|Itanium.ActiveCfg = Release|Any CPU
		{7C82B7D1-A390-4AF7-BFAE-F1777C1AD703}.Release|Itanium.Build.0 = Release|Any CPU
		{7C82B7D1-A390-4AF7-BFAE-F1777C1AD703}.Release|x86.ActiveCfg = Release|Any CPU
		{7C82B7D1-A390-4AF7-BFAE-F1777C1AD703}.Release|x86.Build.0 = Release|Any CPU
		{5BD08A11-D4FE-4775-8460-2050647BA38F}.Debug|Any CPU.ActiveCfg = Debug|Any CPU
		{5BD08A11-D4FE-4775-8460-2050647BA38F}.Debug|Any CPU.Build.0 = Debug|Any CPU
		{5BD08A11-D4FE-4775-8460-2050647BA38F}.Debug|Itanium.ActiveCfg = Debug|Any CPU
		{5BD08A11-D4FE-4775-8460-2050647BA38F}.Debug|Itanium.Build.0 = Debug|Any CPU
		{5BD08A11-D4FE-4775-8460-2050647BA38F}.Debug|x86.ActiveCfg = Debug|Any CPU
		{5BD08A11-D4FE-4775-8460-2050647BA38F}.Debug|x86.Build.0 = Debug|Any CPU
		{5BD08A11-D4FE-4775-8460-2050647BA38F}.Release|Any CPU.ActiveCfg = Release|Any CPU
		{5BD08A11-D4FE-4775-8460-2050647BA38F}.Release|Any CPU.Build.0 = Release|Any CPU
		{5BD08A11-D4FE-4775-8460-2050647BA38F}.Release|Itanium.ActiveCfg = Release|Any CPU
		{5BD08A11-D4FE-4775-8460-2050647BA38F}.Release|Itanium.Build.0 = Release|Any CPU
		{5BD08A11-D4FE-4775-8460-2050647BA38F}.Release|x86.ActiveCfg = Release|Any CPU
		{5BD08A11-D4FE-4775-8460-2050647BA38F}.Release|x86.Build.0 = Release|Any CPU
	EndGlobalSection
	GlobalSection(SolutionProperties) = preSolution
		HideSolutionNode = FALSE
	EndGlobalSection
	GlobalSection(NestedProjects) = preSolution
		{D3A392CA-2028-46AE-B8E0-5F9D0B1B7757} = {A6C7F429-1602-4843-8C6F-557B13B8FE66}
		{9F48BB69-6029-44B2-A7BE-B6C4C5F0DF1D} = {F2075DB8-ADE6-4F77-A2F0-F3701609BA72}
		{0E691927-F0E2-4084-BF0B-CFAD1C43AB11} = {A6C7F429-1602-4843-8C6F-557B13B8FE66}
		{5683B4A1-2B1D-4075-B21E-91B3298CBF4B} = {A6C7F429-1602-4843-8C6F-557B13B8FE66}
		{C588BA60-984B-429A-A491-267B3F13E5B5} = {F2075DB8-ADE6-4F77-A2F0-F3701609BA72}
		{A8C91608-63F6-46A0-BB31-E493D6349DA1} = {B668FBEB-5C73-4D91-9CA0-01679D9BEC8C}
		{B361A824-5544-46B9-ADA7-398CD667F774} = {B668FBEB-5C73-4D91-9CA0-01679D9BEC8C}
		{229661D4-D040-4BC4-B4D2-BFD7A6170935} = {B668FBEB-5C73-4D91-9CA0-01679D9BEC8C}
		{04588831-5BD4-42E9-8190-6E3430043FD8} = {B668FBEB-5C73-4D91-9CA0-01679D9BEC8C}
		{103C01FD-F7E7-4B74-85A3-E00AC7C0B653} = {B668FBEB-5C73-4D91-9CA0-01679D9BEC8C}
		{EB3904A7-F5E9-41CB-AE91-D81DC015CF78} = {B668FBEB-5C73-4D91-9CA0-01679D9BEC8C}
		{F0DEAB21-B095-46B7-AE17-12A4384D11F2} = {F2075DB8-ADE6-4F77-A2F0-F3701609BA72}
		{E476086D-1095-4711-8359-76B418F6F984} = {B668FBEB-5C73-4D91-9CA0-01679D9BEC8C}
		{98096569-326D-452C-97F2-FFD6FF7F4FA2} = {F2075DB8-ADE6-4F77-A2F0-F3701609BA72}
		{8263D33B-0BBD-4369-BA90-D08D807BBC0A} = {F2075DB8-ADE6-4F77-A2F0-F3701609BA72}
		{DF8763A3-48C6-49CB-BDAC-8B47689CBA8E} = {2FCB6AF4-38D8-4E46-A624-A03D81795AA3}
		{296B2D42-BE61-423F-8525-5CD8C8BF1677} = {B668FBEB-5C73-4D91-9CA0-01679D9BEC8C}
		{F7BF068E-D880-44AE-8049-9959B810E053} = {F2075DB8-ADE6-4F77-A2F0-F3701609BA72}
		{7603DD86-8EC0-43CB-8127-426B12C0A318} = {B668FBEB-5C73-4D91-9CA0-01679D9BEC8C}
		{F0FD278D-EF81-48DB-B2D3-1E2C6AE6067F} = {4B988316-5CC0-4A7F-A18B-7FC0BC2FEBBC}
		{EE1F25AF-AC21-4E9F-95D4-3AF15C85FE34} = {B668FBEB-5C73-4D91-9CA0-01679D9BEC8C}
		{AB23B5AA-26FB-4AD2-B9C1-4EEB1487CD4B} = {B668FBEB-5C73-4D91-9CA0-01679D9BEC8C}
		{9B9C7C05-7D43-4DD6-9A92-C8EB1B3D32D2} = {B668FBEB-5C73-4D91-9CA0-01679D9BEC8C}
		{9327D00F-F74B-47DD-99B1-D87C6FC192A5} = {F2075DB8-ADE6-4F77-A2F0-F3701609BA72}
		{20BC2C73-C60F-4643-B207-183440A410A6} = {F2075DB8-ADE6-4F77-A2F0-F3701609BA72}
		{7C82B7D1-A390-4AF7-BFAE-F1777C1AD703} = {F2075DB8-ADE6-4F77-A2F0-F3701609BA72}
		{5BD08A11-D4FE-4775-8460-2050647BA38F} = {B668FBEB-5C73-4D91-9CA0-01679D9BEC8C}
	EndGlobalSection
	GlobalSection(ExtensibilityGlobals) = postSolution
		EnterpriseLibraryConfigurationToolBinariesPathV6 = packages\EnterpriseLibrary.Common.6.0.1304.0\lib\NET45;packages\EnterpriseLibrary.Logging.6.0.1304.0\lib\NET45
		SolutionGuid = {8EDCCA3F-99D3-4A41-9AB5-D538AD592E74}
	EndGlobalSection
	GlobalSection(TeamFoundationVersionControl) = preSolution
		SccNumberOfProjects = 27
		SccEnterpriseProvider = {4CA58AB2-18FA-4F8D-95D4-32DDF27D184C}
		SccTeamFoundationServer = https://dev.azure.com/docsuiteweb
		SccLocalPath0 = .
		SccProjectUniqueName1 = BiblosDS.WCF.StampaConforme.Converter\\BiblosDS.WCF.StampaConforme.Converter.csproj
		SccProjectTopLevelParentUniqueName1 = VecompSoftware.StampaConforme.sln
		SccProjectName1 = BiblosDS.WCF.StampaConforme.Converter
		SccLocalPath1 = BiblosDS.WCF.StampaConforme.Converter
		SccProjectUniqueName2 = BiblosDS.WindowsService.StampaConforme.Office.Converter\\BiblosDS.WindowsService.StampaConforme.Office.Converter.csproj
		SccProjectTopLevelParentUniqueName2 = VecompSoftware.StampaConforme.sln
		SccProjectName2 = BiblosDS.WindowsService.StampaConforme.Office.Converter
		SccLocalPath2 = BiblosDS.WindowsService.StampaConforme.Office.Converter
		SccProjectUniqueName3 = BiblosDS.Library.Common.StampaConforme\\BiblosDS.Library.Common.StampaConforme.csproj
		SccProjectTopLevelParentUniqueName3 = VecompSoftware.StampaConforme.sln
		SccProjectName3 = BiblosDS.Library.Common.StampaConforme
		SccLocalPath3 = BiblosDS.Library.Common.StampaConforme
		SccProjectUniqueName4 = BiblosDS.Library.Common.Converter.OpenOffice\\BiblosDS.Library.Common.Converter.OpenOffice.csproj
		SccProjectTopLevelParentUniqueName4 = VecompSoftware.StampaConforme.sln
		SccProjectName4 = BiblosDS.Library.Common.Converter.OpenOffice
		SccLocalPath4 = BiblosDS.Library.Common.Converter.OpenOffice
		SccProjectUniqueName5 = BiblosDS.Library.Common.Converter.Office\\BiblosDS.Library.Common.Converter.Office.csproj
		SccProjectTopLevelParentUniqueName5 = VecompSoftware.StampaConforme.sln
		SccProjectName5 = BiblosDS.Library.Common.Converter.Office
		SccLocalPath5 = BiblosDS.Library.Common.Converter.Office
		SccProjectUniqueName6 = VecompSoftware.CompEd\\VecompSoftware.CompEd.csproj
		SccProjectTopLevelParentUniqueName6 = VecompSoftware.StampaConforme.sln
		SccProjectName6 = VecompSoftware.CompEd
		SccLocalPath6 = VecompSoftware.CompEd
		SccProjectUniqueName7 = VecompSoftware.GhostScriptSharp\\VecompSoftware.GhostscriptSharp.csproj
		SccProjectTopLevelParentUniqueName7 = VecompSoftware.StampaConforme.sln
		SccProjectName7 = VecompSoftware.GhostScriptSharp
		SccLocalPath7 = VecompSoftware.GhostScriptSharp
		SccProjectUniqueName8 = VecompSoftware.MagickNET\\VecompSoftware.MagickNET.csproj
		SccProjectTopLevelParentUniqueName8 = VecompSoftware.StampaConforme.sln
		SccProjectName8 = VecompSoftware.MagickNET
		SccLocalPath8 = VecompSoftware.MagickNET
		SccProjectUniqueName9 = VecompSoftware.MagicNumber\\VecompSoftware.MagicNumber.csproj
		SccProjectTopLevelParentUniqueName9 = VecompSoftware.StampaConforme.sln
		SccProjectName9 = VecompSoftware.MagicNumber
		SccLocalPath9 = VecompSoftware.MagicNumber
		SccProjectUniqueName10 = VecompSoftware.StampaConforme.Interfaces.Office\\VecompSoftware.StampaConforme.Interfaces.Office.csproj
		SccProjectTopLevelParentUniqueName10 = VecompSoftware.StampaConforme.sln
		SccProjectName10 = VecompSoftware.StampaConforme.Interfaces.Office
		SccLocalPath10 = VecompSoftware.StampaConforme.Interfaces.Office
		SccProjectUniqueName11 = VecompSoftware.StampaConforme.Services.Office\\VecompSoftware.StampaConforme.Services.Office.csproj
		SccProjectTopLevelParentUniqueName11 = VecompSoftware.StampaConforme.sln
		SccProjectName11 = VecompSoftware.StampaConforme.Services.Office
		SccLocalPath11 = VecompSoftware.StampaConforme.Services.Office
		SccProjectUniqueName12 = VecompSoftware.StampaConforme.Interfaces.Common\\VecompSoftware.StampaConforme.Interfaces.Common.csproj
		SccProjectTopLevelParentUniqueName12 = VecompSoftware.StampaConforme.sln
		SccProjectName12 = VecompSoftware.StampaConforme.Interfaces.Common
		SccLocalPath12 = VecompSoftware.StampaConforme.Interfaces.Common
		SccProjectUniqueName13 = VecompSoftware.StampaConforme.Models\\VecompSoftware.StampaConforme.Models.csproj
		SccProjectTopLevelParentUniqueName13 = VecompSoftware.StampaConforme.sln
		SccProjectName13 = VecompSoftware.StampaConforme.Models
		SccLocalPath13 = VecompSoftware.StampaConforme.Models
		SccProjectUniqueName14 = VecompSoftware.Commons.CompEd\\VecompSoftware.Commons.CompEd.csproj
		SccProjectTopLevelParentUniqueName14 = VecompSoftware.StampaConforme.sln
		SccProjectName14 = VecompSoftware.Commons.CompEd
		SccLocalPath14 = VecompSoftware.Commons.CompEd
		SccProjectUniqueName15 = VecompSoftware.Commons.Configuration\\VecompSoftware.Commons.Configuration.csproj
		SccProjectTopLevelParentUniqueName15 = VecompSoftware.StampaConforme.sln
		SccProjectName15 = VecompSoftware.Commons.Configuration
		SccLocalPath15 = VecompSoftware.Commons.Configuration
		SccProjectUniqueName16 = VecompSoftware.StampaConforme.Services.DOU\\VecompSoftware.StampaConforme.Services.DOU.csproj
		SccProjectTopLevelParentUniqueName16 = VecompSoftware.StampaConforme.sln
		SccProjectName16 = VecompSoftware.StampaConforme.Services.DOU
		SccLocalPath16 = VecompSoftware.StampaConforme.Services.DOU
		SccProjectUniqueName17 = VecompSoftware.StampaConforme.Services.Office.Test\\VecompSoftware.StampaConforme.Services.Office.Test.csproj
		SccProjectTopLevelParentUniqueName17 = VecompSoftware.StampaConforme.sln
		SccProjectName17 = VecompSoftware.StampaConforme.Services.Office.Test
		SccLocalPath17 = VecompSoftware.StampaConforme.Services.Office.Test
		SccProjectUniqueName18 = VecompSoftware.Helpers.iTextSharp\\VecompSoftware.Helpers.iTextSharp.csproj
		SccProjectTopLevelParentUniqueName18 = VecompSoftware.StampaConforme.sln
		SccProjectName18 = VecompSoftware.Helpers.iTextSharp
		SccLocalPath18 = VecompSoftware.Helpers.iTextSharp
		SccProjectUniqueName19 = VecompSoftware.Helpers.Reporting\\VecompSoftware.Helpers.Reporting.csproj
		SccProjectTopLevelParentUniqueName19 = VecompSoftware.StampaConforme.sln
		SccProjectName19 = VecompSoftware.Helpers.Reporting
		SccLocalPath19 = VecompSoftware.Helpers.Reporting
		SccProjectUniqueName20 = VecompSoftware.Services.Reporting\\VecompSoftware.Services.Reporting.csproj
		SccProjectTopLevelParentUniqueName20 = VecompSoftware.StampaConforme.sln
		SccProjectName20 = VecompSoftware.Services.Reporting
		SccLocalPath20 = VecompSoftware.Services.Reporting
		SccProjectUniqueName21 = StampaConforme\\VecompSoftware.StampaConforme.csproj
		SccProjectTopLevelParentUniqueName21 = VecompSoftware.StampaConforme.sln
		SccProjectName21 = StampaConforme
		SccLocalPath21 = StampaConforme
		SccProjectUniqueName22 = BiblosDS.WindowsService.WCFStampaConformeConverterHost\\BiblosDS.WindowsService.StampaConforme.OpenOffice.Converter.csproj
		SccProjectTopLevelParentUniqueName22 = VecompSoftware.StampaConforme.sln
		SccProjectName22 = BiblosDS.WindowsService.WCFStampaConformeConverterHost
		SccLocalPath22 = BiblosDS.WindowsService.WCFStampaConformeConverterHost
		SccProjectUniqueName23 = VecompSoftware.StampaConforme.Common\\VecompSoftware.StampaConforme.Common.csproj
		SccProjectTopLevelParentUniqueName23 = VecompSoftware.StampaConforme.sln
		SccProjectName23 = VecompSoftware.StampaConforme.Common
		SccLocalPath23 = VecompSoftware.StampaConforme.Common
		SccProjectUniqueName24 = VecompSoftware.StampaConforme.Services.Common\\VecompSoftware.StampaConforme.Services.Common.csproj
		SccProjectTopLevelParentUniqueName24 = VecompSoftware.StampaConforme.sln
		SccProjectName24 = VecompSoftware.StampaConforme.Services.Common
		SccLocalPath24 = VecompSoftware.StampaConforme.Services.Common
		SccProjectUniqueName25 = VecompSoftware.StampaConforme.Converter.Common\\VecompSoftware.StampaConforme.Converter.Common.csproj
		SccProjectTopLevelParentUniqueName25 = VecompSoftware.StampaConforme.sln
		SccProjectName25 = VecompSoftware.StampaConforme.Converter.Common
		SccLocalPath25 = VecompSoftware.StampaConforme.Converter.Common
		SccProjectUniqueName26 = VecompSoftware.StampaConforme.Converter.iTextSharp\\VecompSoftware.StampaConforme.Converter.iTextSharp.csproj
		SccProjectTopLevelParentUniqueName26 = VecompSoftware.StampaConforme.sln
		SccProjectName26 = VecompSoftware.StampaConforme.Converter.iTextSharp
		SccLocalPath26 = VecompSoftware.StampaConforme.Converter.iTextSharp
	EndGlobalSection
EndGlobal
